// !$*UTF8*$!
{
	archiveVersion = 1;
	classes = {
	};
	objectVersion = 56;
	objects = {

/* Begin PBXBuildFile section */
		B923195C293A08F300236B6D /* AppDelegate.swift in Sources */ = {isa = PBXBuildFile; fileRef = B923195B293A08F300236B6D /* AppDelegate.swift */; };
		B923195E293A08F300236B6D /* SceneDelegate.swift in Sources */ = {isa = PBXBuildFile; fileRef = B923195D293A08F300236B6D /* SceneDelegate.swift */; };
		B9231965293A08F400236B6D /* Assets.xcassets in Resources */ = {isa = PBXBuildFile; fileRef = B9231964293A08F400236B6D /* Assets.xcassets */; };
		B9231968293A08F400236B6D /* LaunchScreen.storyboard in Resources */ = {isa = PBXBuildFile; fileRef = B9231966293A08F400236B6D /* LaunchScreen.storyboard */; };
		B93E7909293DE4A00061201F /* Tabman in Frameworks */ = {isa = PBXBuildFile; productRef = B93E7908293DE4A00061201F /* Tabman */; };
		B93E790F293DF6A00061201F /* TodayViewController.swift in Sources */ = {isa = PBXBuildFile; fileRef = B93E790E293DF6A00061201F /* TodayViewController.swift */; };
		B93E7911293DF71E0061201F /* ShoppingMallViewController.swift in Sources */ = {isa = PBXBuildFile; fileRef = B93E7910293DF71E0061201F /* ShoppingMallViewController.swift */; };
		B95218E8293C8FD500018DAF /* MainViewController.swift in Sources */ = {isa = PBXBuildFile; fileRef = B95218E7293C8FD500018DAF /* MainViewController.swift */; };
		B95218EC293C941600018DAF /* SnapKit in Frameworks */ = {isa = PBXBuildFile; productRef = B95218EB293C941600018DAF /* SnapKit */; };
		B95218EE293CA14300018DAF /* TabController.swift in Sources */ = {isa = PBXBuildFile; fileRef = B95218ED293CA14300018DAF /* TabController.swift */; };
		B95218F1293CA4C100018DAF /* MarketViewController.swift in Sources */ = {isa = PBXBuildFile; fileRef = B95218F0293CA4C100018DAF /* MarketViewController.swift */; };
		B95218F6293CA4EB00018DAF /* ZzimViewController.swift in Sources */ = {isa = PBXBuildFile; fileRef = B95218F5293CA4EB00018DAF /* ZzimViewController.swift */; };
		B95218F9293CA51C00018DAF /* MypageViewController.swift in Sources */ = {isa = PBXBuildFile; fileRef = B95218F8293CA51C00018DAF /* MypageViewController.swift */; };
		B96950AC2940292F000520A8 /* enum.swift in Sources */ = {isa = PBXBuildFile; fileRef = B96950AB2940292F000520A8 /* enum.swift */; };
/* End PBXBuildFile section */

/* Begin PBXFileReference section */
		B9231958293A08F300236B6D /* Ably.app */ = {isa = PBXFileReference; explicitFileType = wrapper.application; includeInIndex = 0; path = Ably.app; sourceTree = BUILT_PRODUCTS_DIR; };
		B923195B293A08F300236B6D /* AppDelegate.swift */ = {isa = PBXFileReference; lastKnownFileType = sourcecode.swift; path = AppDelegate.swift; sourceTree = "<group>"; };
		B923195D293A08F300236B6D /* SceneDelegate.swift */ = {isa = PBXFileReference; lastKnownFileType = sourcecode.swift; path = SceneDelegate.swift; sourceTree = "<group>"; };
		B9231964293A08F400236B6D /* Assets.xcassets */ = {isa = PBXFileReference; lastKnownFileType = folder.assetcatalog; path = Assets.xcassets; sourceTree = "<group>"; };
		B9231967293A08F400236B6D /* Base */ = {isa = PBXFileReference; lastKnownFileType = file.storyboard; name = Base; path = Base.lproj/LaunchScreen.storyboard; sourceTree = "<group>"; };
		B9231969293A08F400236B6D /* Info.plist */ = {isa = PBXFileReference; lastKnownFileType = text.plist.xml; path = Info.plist; sourceTree = "<group>"; };
		B93E790E293DF6A00061201F /* TodayViewController.swift */ = {isa = PBXFileReference; lastKnownFileType = sourcecode.swift; path = TodayViewController.swift; sourceTree = "<group>"; };
		B93E7910293DF71E0061201F /* ShoppingMallViewController.swift */ = {isa = PBXFileReference; lastKnownFileType = sourcecode.swift; path = ShoppingMallViewController.swift; sourceTree = "<group>"; };
		B95218E7293C8FD500018DAF /* MainViewController.swift */ = {isa = PBXFileReference; lastKnownFileType = sourcecode.swift; path = MainViewController.swift; sourceTree = "<group>"; };
		B95218ED293CA14300018DAF /* TabController.swift */ = {isa = PBXFileReference; lastKnownFileType = sourcecode.swift; path = TabController.swift; sourceTree = "<group>"; };
		B95218F0293CA4C100018DAF /* MarketViewController.swift */ = {isa = PBXFileReference; lastKnownFileType = sourcecode.swift; path = MarketViewController.swift; sourceTree = "<group>"; };
		B95218F5293CA4EB00018DAF /* ZzimViewController.swift */ = {isa = PBXFileReference; lastKnownFileType = sourcecode.swift; path = ZzimViewController.swift; sourceTree = "<group>"; };
		B95218F8293CA51C00018DAF /* MypageViewController.swift */ = {isa = PBXFileReference; lastKnownFileType = sourcecode.swift; path = MypageViewController.swift; sourceTree = "<group>"; };
		B96950AB2940292F000520A8 /* enum.swift */ = {isa = PBXFileReference; lastKnownFileType = sourcecode.swift; path = enum.swift; sourceTree = "<group>"; };
/* End PBXFileReference section */

/* Begin PBXFrameworksBuildPhase section */
		B9231955293A08F300236B6D /* Frameworks */ = {
			isa = PBXFrameworksBuildPhase;
			buildActionMask = 2147483647;
			files = (
				B95218EC293C941600018DAF /* SnapKit in Frameworks */,
				B93E7909293DE4A00061201F /* Tabman in Frameworks */,
			);
			runOnlyForDeploymentPostprocessing = 0;
		};
/* End PBXFrameworksBuildPhase section */

/* Begin PBXGroup section */
		B923194F293A08F300236B6D = {
			isa = PBXGroup;
			children = (
				B923195A293A08F300236B6D /* Ably */,
				B9231959293A08F300236B6D /* Products */,
			);
			sourceTree = "<group>";
		};
		B9231959293A08F300236B6D /* Products */ = {
			isa = PBXGroup;
			children = (
				B9231958293A08F300236B6D /* Ably.app */,
			);
			name = Products;
			sourceTree = "<group>";
		};
		B923195A293A08F300236B6D /* Ably */ = {
			isa = PBXGroup;
			children = (
				B923196F293A0AFA00236B6D /* App */,
			);
			path = Ably;
			sourceTree = "<group>";
		};
		B923196F293A0AFA00236B6D /* App */ = {
			isa = PBXGroup;
			children = (
				B923195B293A08F300236B6D /* AppDelegate.swift */,
				B923195D293A08F300236B6D /* SceneDelegate.swift */,
				B95218ED293CA14300018DAF /* TabController.swift */,
				B96950AD29402933000520A8 /* Utils */,
				B95218E9293C8FE700018DAF /* Scene */,
				B9231964293A08F400236B6D /* Assets.xcassets */,
				B9231966293A08F400236B6D /* LaunchScreen.storyboard */,
				B9231969293A08F400236B6D /* Info.plist */,
			);
			path = App;
			sourceTree = "<group>";
		};
		B93E790A293DE8280061201F /* Utils */ = {
			isa = PBXGroup;
			children = (
				B93E790D293DF6830061201F /* Toptab */,
			);
			path = Utils;
			sourceTree = "<group>";
		};
		B93E790D293DF6830061201F /* Toptab */ = {
			isa = PBXGroup;
			children = (
				B93E790E293DF6A00061201F /* TodayViewController.swift */,
				B93E7910293DF71E0061201F /* ShoppingMallViewController.swift */,
			);
			path = Toptab;
			sourceTree = "<group>";
		};
		B95218E9293C8FE700018DAF /* Scene */ = {
			isa = PBXGroup;
			children = (
				B95218EF293CA4AE00018DAF /* Home */,
				B95218F2293CA4CF00018DAF /* Market */,
				B95218F7293CA4EE00018DAF /* Zzim */,
				B95218FA293CA52000018DAF /* Mypage */,
			);
			path = Scene;
			sourceTree = "<group>";
		};
		B95218EF293CA4AE00018DAF /* Home */ = {
			isa = PBXGroup;
			children = (
				B93E790A293DE8280061201F /* Utils */,
				B95218E7293C8FD500018DAF /* MainViewController.swift */,
			);
			path = Home;
			sourceTree = "<group>";
		};
		B95218F2293CA4CF00018DAF /* Market */ = {
			isa = PBXGroup;
			children = (
				B95218F0293CA4C100018DAF /* MarketViewController.swift */,
			);
			path = Market;
			sourceTree = "<group>";
		};
		B95218F7293CA4EE00018DAF /* Zzim */ = {
			isa = PBXGroup;
			children = (
				B95218F5293CA4EB00018DAF /* ZzimViewController.swift */,
			);
			path = Zzim;
			sourceTree = "<group>";
		};
		B95218FA293CA52000018DAF /* Mypage */ = {
			isa = PBXGroup;
			children = (
				B95218F8293CA51C00018DAF /* MypageViewController.swift */,
			);
			path = Mypage;
			sourceTree = "<group>";
		};
		B96950AD29402933000520A8 /* Utils */ = {
			isa = PBXGroup;
			children = (
				B96950AB2940292F000520A8 /* enum.swift */,
			);
			path = Utils;
			sourceTree = "<group>";
		};
/* End PBXGroup section */

/* Begin PBXNativeTarget section */
		B9231957293A08F300236B6D /* Ably */ = {
			isa = PBXNativeTarget;
			buildConfigurationList = B923196C293A08F400236B6D /* Build configuration list for PBXNativeTarget "Ably" */;
			buildPhases = (
				B9231954293A08F300236B6D /* Sources */,
				B9231955293A08F300236B6D /* Frameworks */,
				B9231956293A08F300236B6D /* Resources */,
			);
			buildRules = (
			);
			dependencies = (
			);
			name = Ably;
			packageProductDependencies = (
				B95218EB293C941600018DAF /* SnapKit */,
				B93E7908293DE4A00061201F /* Tabman */,
			);
			productName = Ably;
			productReference = B9231958293A08F300236B6D /* Ably.app */;
			productType = "com.apple.product-type.application";
		};
/* End PBXNativeTarget section */

/* Begin PBXProject section */
		B9231950293A08F300236B6D /* Project object */ = {
			isa = PBXProject;
			attributes = {
				BuildIndependentTargetsInParallel = 1;
				LastSwiftUpdateCheck = 1400;
				LastUpgradeCheck = 1400;
				TargetAttributes = {
					B9231957293A08F300236B6D = {
						CreatedOnToolsVersion = 14.0.1;
					};
				};
			};
			buildConfigurationList = B9231953293A08F300236B6D /* Build configuration list for PBXProject "Ably" */;
			compatibilityVersion = "Xcode 14.0";
			developmentRegion = en;
			hasScannedForEncodings = 0;
			knownRegions = (
				en,
				Base,
			);
			mainGroup = B923194F293A08F300236B6D;
			packageReferences = (
				B95218EA293C941600018DAF /* XCRemoteSwiftPackageReference "SnapKit" */,
				B93E7907293DE49F0061201F /* XCRemoteSwiftPackageReference "Tabman" */,
			);
			productRefGroup = B9231959293A08F300236B6D /* Products */;
			projectDirPath = "";
			projectRoot = "";
			targets = (
				B9231957293A08F300236B6D /* Ably */,
			);
		};
/* End PBXProject section */

/* Begin PBXResourcesBuildPhase section */
		B9231956293A08F300236B6D /* Resources */ = {
			isa = PBXResourcesBuildPhase;
			buildActionMask = 2147483647;
			files = (
				B9231968293A08F400236B6D /* LaunchScreen.storyboard in Resources */,
				B9231965293A08F400236B6D /* Assets.xcassets in Resources */,
			);
			runOnlyForDeploymentPostprocessing = 0;
		};
/* End PBXResourcesBuildPhase section */

/* Begin PBXSourcesBuildPhase section */
		B9231954293A08F300236B6D /* Sources */ = {
			isa = PBXSourcesBuildPhase;
			buildActionMask = 2147483647;
			files = (
				B96950AC2940292F000520A8 /* enum.swift in Sources */,
				B95218F6293CA4EB00018DAF /* ZzimViewController.swift in Sources */,
				B923195C293A08F300236B6D /* AppDelegate.swift in Sources */,
				B95218F9293CA51C00018DAF /* MypageViewController.swift in Sources */,
				B93E7911293DF71E0061201F /* ShoppingMallViewController.swift in Sources */,
				B95218EE293CA14300018DAF /* TabController.swift in Sources */,
				B93E790F293DF6A00061201F /* TodayViewController.swift in Sources */,
				B95218F1293CA4C100018DAF /* MarketViewController.swift in Sources */,
				B923195E293A08F300236B6D /* SceneDelegate.swift in Sources */,
				B95218E8293C8FD500018DAF /* MainViewController.swift in Sources */,
			);
			runOnlyForDeploymentPostprocessing = 0;
		};
/* End PBXSourcesBuildPhase section */

/* Begin PBXVariantGroup section */
		B9231966293A08F400236B6D /* LaunchScreen.storyboard */ = {
			isa = PBXVariantGroup;
			children = (
				B9231967293A08F400236B6D /* Base */,
			);
			name = LaunchScreen.storyboard;
			sourceTree = "<group>";
		};
/* End PBXVariantGroup section */

/* Begin XCBuildConfiguration section */
		B923196A293A08F400236B6D /* Debug */ = {
			isa = XCBuildConfiguration;
			buildSettings = {
				ALWAYS_SEARCH_USER_PATHS = NO;
				CLANG_ANALYZER_NONNULL = YES;
				CLANG_ANALYZER_NUMBER_OBJECT_CONVERSION = YES_AGGRESSIVE;
				CLANG_CXX_LANGUAGE_STANDARD = "gnu++20";
				CLANG_ENABLE_MODULES = YES;
				CLANG_ENABLE_OBJC_ARC = YES;
				CLANG_ENABLE_OBJC_WEAK = YES;
				CLANG_WARN_BLOCK_CAPTURE_AUTORELEASING = YES;
				CLANG_WARN_BOOL_CONVERSION = YES;
				CLANG_WARN_COMMA = YES;
				CLANG_WARN_CONSTANT_CONVERSION = YES;
				CLANG_WARN_DEPRECATED_OBJC_IMPLEMENTATIONS = YES;
				CLANG_WARN_DIRECT_OBJC_ISA_USAGE = YES_ERROR;
				CLANG_WARN_DOCUMENTATION_COMMENTS = YES;
				CLANG_WARN_EMPTY_BODY = YES;
				CLANG_WARN_ENUM_CONVERSION = YES;
				CLANG_WARN_INFINITE_RECURSION = YES;
				CLANG_WARN_INT_CONVERSION = YES;
				CLANG_WARN_NON_LITERAL_NULL_CONVERSION = YES;
				CLANG_WARN_OBJC_IMPLICIT_RETAIN_SELF = YES;
				CLANG_WARN_OBJC_LITERAL_CONVERSION = YES;
				CLANG_WARN_OBJC_ROOT_CLASS = YES_ERROR;
				CLANG_WARN_QUOTED_INCLUDE_IN_FRAMEWORK_HEADER = YES;
				CLANG_WARN_RANGE_LOOP_ANALYSIS = YES;
				CLANG_WARN_STRICT_PROTOTYPES = YES;
				CLANG_WARN_SUSPICIOUS_MOVE = YES;
				CLANG_WARN_UNGUARDED_AVAILABILITY = YES_AGGRESSIVE;
				CLANG_WARN_UNREACHABLE_CODE = YES;
				CLANG_WARN__DUPLICATE_METHOD_MATCH = YES;
				COPY_PHASE_STRIP = NO;
				DEBUG_INFORMATION_FORMAT = dwarf;
				ENABLE_STRICT_OBJC_MSGSEND = YES;
				ENABLE_TESTABILITY = YES;
				GCC_C_LANGUAGE_STANDARD = gnu11;
				GCC_DYNAMIC_NO_PIC = NO;
				GCC_NO_COMMON_BLOCKS = YES;
				GCC_OPTIMIZATION_LEVEL = 0;
				GCC_PREPROCESSOR_DEFINITIONS = (
					"DEBUG=1",
					"$(inherited)",
				);
				GCC_WARN_64_TO_32_BIT_CONVERSION = YES;
				GCC_WARN_ABOUT_RETURN_TYPE = YES_ERROR;
				GCC_WARN_UNDECLARED_SELECTOR = YES;
				GCC_WARN_UNINITIALIZED_AUTOS = YES_AGGRESSIVE;
				GCC_WARN_UNUSED_FUNCTION = YES;
				GCC_WARN_UNUSED_VARIABLE = YES;
				IPHONEOS_DEPLOYMENT_TARGET = 16.0;
				MTL_ENABLE_DEBUG_INFO = INCLUDE_SOURCE;
				MTL_FAST_MATH = YES;
				ONLY_ACTIVE_ARCH = YES;
				SDKROOT = iphoneos;
				SWIFT_ACTIVE_COMPILATION_CONDITIONS = DEBUG;
				SWIFT_OPTIMIZATION_LEVEL = "-Onone";
			};
			name = Debug;
		};
		B923196B293A08F400236B6D /* Release */ = {
			isa = XCBuildConfiguration;
			buildSettings = {
				ALWAYS_SEARCH_USER_PATHS = NO;
				CLANG_ANALYZER_NONNULL = YES;
				CLANG_ANALYZER_NUMBER_OBJECT_CONVERSION = YES_AGGRESSIVE;
				CLANG_CXX_LANGUAGE_STANDARD = "gnu++20";
				CLANG_ENABLE_MODULES = YES;
				CLANG_ENABLE_OBJC_ARC = YES;
				CLANG_ENABLE_OBJC_WEAK = YES;
				CLANG_WARN_BLOCK_CAPTURE_AUTORELEASING = YES;
				CLANG_WARN_BOOL_CONVERSION = YES;
				CLANG_WARN_COMMA = YES;
				CLANG_WARN_CONSTANT_CONVERSION = YES;
				CLANG_WARN_DEPRECATED_OBJC_IMPLEMENTATIONS = YES;
				CLANG_WARN_DIRECT_OBJC_ISA_USAGE = YES_ERROR;
				CLANG_WARN_DOCUMENTATION_COMMENTS = YES;
				CLANG_WARN_EMPTY_BODY = YES;
				CLANG_WARN_ENUM_CONVERSION = YES;
				CLANG_WARN_INFINITE_RECURSION = YES;
				CLANG_WARN_INT_CONVERSION = YES;
				CLANG_WARN_NON_LITERAL_NULL_CONVERSION = YES;
				CLANG_WARN_OBJC_IMPLICIT_RETAIN_SELF = YES;
				CLANG_WARN_OBJC_LITERAL_CONVERSION = YES;
				CLANG_WARN_OBJC_ROOT_CLASS = YES_ERROR;
				CLANG_WARN_QUOTED_INCLUDE_IN_FRAMEWORK_HEADER = YES;
				CLANG_WARN_RANGE_LOOP_ANALYSIS = YES;
				CLANG_WARN_STRICT_PROTOTYPES = YES;
				CLANG_WARN_SUSPICIOUS_MOVE = YES;
				CLANG_WARN_UNGUARDED_AVAILABILITY = YES_AGGRESSIVE;
				CLANG_WARN_UNREACHABLE_CODE = YES;
				CLANG_WARN__DUPLICATE_METHOD_MATCH = YES;
				COPY_PHASE_STRIP = NO;
				DEBUG_INFORMATION_FORMAT = "dwarf-with-dsym";
				ENABLE_NS_ASSERTIONS = NO;
				ENABLE_STRICT_OBJC_MSGSEND = YES;
				GCC_C_LANGUAGE_STANDARD = gnu11;
				GCC_NO_COMMON_BLOCKS = YES;
				GCC_WARN_64_TO_32_BIT_CONVERSION = YES;
				GCC_WARN_ABOUT_RETURN_TYPE = YES_ERROR;
				GCC_WARN_UNDECLARED_SELECTOR = YES;
				GCC_WARN_UNINITIALIZED_AUTOS = YES_AGGRESSIVE;
				GCC_WARN_UNUSED_FUNCTION = YES;
				GCC_WARN_UNUSED_VARIABLE = YES;
				IPHONEOS_DEPLOYMENT_TARGET = 16.0;
				MTL_ENABLE_DEBUG_INFO = NO;
				MTL_FAST_MATH = YES;
				SDKROOT = iphoneos;
				SWIFT_COMPILATION_MODE = wholemodule;
				SWIFT_OPTIMIZATION_LEVEL = "-O";
				VALIDATE_PRODUCT = YES;
			};
			name = Release;
		};
		B923196D293A08F400236B6D /* Debug */ = {
			isa = XCBuildConfiguration;
			buildSettings = {
				ASSETCATALOG_COMPILER_APPICON_NAME = AppIcon;
				ASSETCATALOG_COMPILER_GLOBAL_ACCENT_COLOR_NAME = AccentColor;
				CODE_SIGN_STYLE = Automatic;
				CURRENT_PROJECT_VERSION = 1;
				DEVELOPMENT_TEAM = NMLQKC3L6A;
				GENERATE_INFOPLIST_FILE = YES;
				INFOPLIST_FILE = Ably/App/Info.plist;
				INFOPLIST_KEY_UIApplicationSupportsIndirectInputEvents = YES;
				INFOPLIST_KEY_UILaunchStoryboardName = LaunchScreen;
				INFOPLIST_KEY_UISupportedInterfaceOrientations_iPad = "UIInterfaceOrientationPortrait UIInterfaceOrientationPortraitUpsideDown UIInterfaceOrientationLandscapeLeft UIInterfaceOrientationLandscapeRight";
				INFOPLIST_KEY_UISupportedInterfaceOrientations_iPhone = "UIInterfaceOrientationPortrait UIInterfaceOrientationLandscapeLeft UIInterfaceOrientationLandscapeRight";
				LD_RUNPATH_SEARCH_PATHS = (
					"$(inherited)",
					"@executable_path/Frameworks",
				);
				MARKETING_VERSION = 1.0;
				PRODUCT_BUNDLE_IDENTIFIER = com.hylee.Ably;
				PRODUCT_NAME = "$(TARGET_NAME)";
				SWIFT_EMIT_LOC_STRINGS = YES;
				SWIFT_VERSION = 5.0;
				TARGETED_DEVICE_FAMILY = "1,2";
			};
			name = Debug;
		};
		B923196E293A08F400236B6D /* Release */ = {
			isa = XCBuildConfiguration;
			buildSettings = {
				ASSETCATALOG_COMPILER_APPICON_NAME = AppIcon;
				ASSETCATALOG_COMPILER_GLOBAL_ACCENT_COLOR_NAME = AccentColor;
				CODE_SIGN_STYLE = Automatic;
				CURRENT_PROJECT_VERSION = 1;
				DEVELOPMENT_TEAM = NMLQKC3L6A;
				GENERATE_INFOPLIST_FILE = YES;
				INFOPLIST_FILE = Ably/App/Info.plist;
				INFOPLIST_KEY_UIApplicationSupportsIndirectInputEvents = YES;
				INFOPLIST_KEY_UILaunchStoryboardName = LaunchScreen;
				INFOPLIST_KEY_UISupportedInterfaceOrientations_iPad = "UIInterfaceOrientationPortrait UIInterfaceOrientationPortraitUpsideDown UIInterfaceOrientationLandscapeLeft UIInterfaceOrientationLandscapeRight";
				INFOPLIST_KEY_UISupportedInterfaceOrientations_iPhone = "UIInterfaceOrientationPortrait UIInterfaceOrientationLandscapeLeft UIInterfaceOrientationLandscapeRight";
				LD_RUNPATH_SEARCH_PATHS = (
					"$(inherited)",
					"@executable_path/Frameworks",
				);
				MARKETING_VERSION = 1.0;
				PRODUCT_BUNDLE_IDENTIFIER = com.hylee.Ably;
				PRODUCT_NAME = "$(TARGET_NAME)";
				SWIFT_EMIT_LOC_STRINGS = YES;
				SWIFT_VERSION = 5.0;
				TARGETED_DEVICE_FAMILY = "1,2";
			};
			name = Release;
		};
/* End XCBuildConfiguration section */

/* Begin XCConfigurationList section */
		B9231953293A08F300236B6D /* Build configuration list for PBXProject "Ably" */ = {
			isa = XCConfigurationList;
			buildConfigurations = (
				B923196A293A08F400236B6D /* Debug */,
				B923196B293A08F400236B6D /* Release */,
			);
			defaultConfigurationIsVisible = 0;
			defaultConfigurationName = Release;
		};
		B923196C293A08F400236B6D /* Build configuration list for PBXNativeTarget "Ably" */ = {
			isa = XCConfigurationList;
			buildConfigurations = (
				B923196D293A08F400236B6D /* Debug */,
				B923196E293A08F400236B6D /* Release */,
			);
			defaultConfigurationIsVisible = 0;
			defaultConfigurationName = Release;
		};
/* End XCConfigurationList section */

/* Begin XCRemoteSwiftPackageReference section */
		B93E7907293DE49F0061201F /* XCRemoteSwiftPackageReference "Tabman" */ = {
			isa = XCRemoteSwiftPackageReference;
			repositoryURL = "https://github.com/uias/Tabman";
			requirement = {
				kind = upToNextMajorVersion;
				minimumVersion = 3.0.0;
			};
		};
		B95218EA293C941600018DAF /* XCRemoteSwiftPackageReference "SnapKit" */ = {
			isa = XCRemoteSwiftPackageReference;
			repositoryURL = "https://github.com/SnapKit/SnapKit";
			requirement = {
				kind = upToNextMajorVersion;
				minimumVersion = 5.0.0;
			};
		};
/* End XCRemoteSwiftPackageReference section */

/* Begin XCSwiftPackageProductDependency section */
		B93E7908293DE4A00061201F /* Tabman */ = {
			isa = XCSwiftPackageProductDependency;
			package = B93E7907293DE49F0061201F /* XCRemoteSwiftPackageReference "Tabman" */;
			productName = Tabman;
		};
		B95218EB293C941600018DAF /* SnapKit */ = {
			isa = XCSwiftPackageProductDependency;
			package = B95218EA293C941600018DAF /* XCRemoteSwiftPackageReference "SnapKit" */;
			productName = SnapKit;
		};
/* End XCSwiftPackageProductDependency section */
	};
	rootObject = B9231950293A08F300236B6D /* Project object */;
}
