// !$*UTF8*$!
{
	archiveVersion = 1;
	classes = {
	};
	objectVersion = 55;
	objects = {

/* Begin PBXBuildFile section */
		3395F29EC6B0F96A4D36839D /* Pods_Ably.framework in Frameworks */ = {isa = PBXBuildFile; fileRef = 52F5A80787214F16E2304384 /* Pods_Ably.framework */; };
		B914D9DF296E4C0A0035B5EF /* CenterController.swift in Sources */ = {isa = PBXBuildFile; fileRef = B914D9DE296E4C0A0035B5EF /* CenterController.swift */; };
		B914D9E1296E4C550035B5EF /* ListController.swift in Sources */ = {isa = PBXBuildFile; fileRef = B914D9E0296E4C550035B5EF /* ListController.swift */; };
		B914D9E3296E4C680035B5EF /* PrivacyController.swift in Sources */ = {isa = PBXBuildFile; fileRef = B914D9E2296E4C680035B5EF /* PrivacyController.swift */; };
		B914D9E5296E4C7E0035B5EF /* ServiceController.swift in Sources */ = {isa = PBXBuildFile; fileRef = B914D9E4296E4C7E0035B5EF /* ServiceController.swift */; };
		B914D9E7296E4C920035B5EF /* LaboratoryController.swift in Sources */ = {isa = PBXBuildFile; fileRef = B914D9E6296E4C920035B5EF /* LaboratoryController.swift */; };
		B914D9E9296E4CB00035B5EF /* OpenLicenseController.swift in Sources */ = {isa = PBXBuildFile; fileRef = B914D9E8296E4CB00035B5EF /* OpenLicenseController.swift */; };
		B921BD5B299B96E1005BED18 /* DetailViewModel.swift in Sources */ = {isa = PBXBuildFile; fileRef = B921BD5A299B96E1005BED18 /* DetailViewModel.swift */; };
		B923195C293A08F300236B6D /* AppDelegate.swift in Sources */ = {isa = PBXBuildFile; fileRef = B923195B293A08F300236B6D /* AppDelegate.swift */; };
		B923195E293A08F300236B6D /* SceneDelegate.swift in Sources */ = {isa = PBXBuildFile; fileRef = B923195D293A08F300236B6D /* SceneDelegate.swift */; };
		B9231965293A08F400236B6D /* Assets.xcassets in Resources */ = {isa = PBXBuildFile; fileRef = B9231964293A08F400236B6D /* Assets.xcassets */; };
		B9231968293A08F400236B6D /* LaunchScreen.storyboard in Resources */ = {isa = PBXBuildFile; fileRef = B9231966293A08F400236B6D /* LaunchScreen.storyboard */; };
		B9243342296F91C1006B7DE8 /* MarketViewModel.swift in Sources */ = {isa = PBXBuildFile; fileRef = B9243341296F91C1006B7DE8 /* MarketViewModel.swift */; };
		B9243344296F9307006B7DE8 /* MarketCell.swift in Sources */ = {isa = PBXBuildFile; fileRef = B9243343296F9307006B7DE8 /* MarketCell.swift */; };
		B92ACAA22963B21D00C82616 /* Then in Frameworks */ = {isa = PBXBuildFile; productRef = B92ACAA12963B21D00C82616 /* Then */; };
		B930F451296BD597005493C8 /* ReusableKit in Frameworks */ = {isa = PBXBuildFile; productRef = B930F450296BD597005493C8 /* ReusableKit */; };
		B930F453296BD597005493C8 /* RxReusableKit in Frameworks */ = {isa = PBXBuildFile; productRef = B930F452296BD597005493C8 /* RxReusableKit */; };
		B930F457296BD718005493C8 /* CellEnum.swift in Sources */ = {isa = PBXBuildFile; fileRef = B930F456296BD718005493C8 /* CellEnum.swift */; };
		B930F459296BEA6A005493C8 /* BenefitController.swift in Sources */ = {isa = PBXBuildFile; fileRef = B930F458296BEA6A005493C8 /* BenefitController.swift */; };
		B930F45C296BF4F1005493C8 /* MyPageTableDelegate.swift in Sources */ = {isa = PBXBuildFile; fileRef = B930F45B296BF4F1005493C8 /* MyPageTableDelegate.swift */; };
		B931D1522952B422002B3F1D /* TableHeader.swift in Sources */ = {isa = PBXBuildFile; fileRef = B931D1512952B422002B3F1D /* TableHeader.swift */; };
		B932A30F2973EA82007D22C1 /* SyagController.swift in Sources */ = {isa = PBXBuildFile; fileRef = B932A30E2973EA82007D22C1 /* SyagController.swift */; };
		B93A5F30295BCD8A005BFB5C /* ZzimHeaderView.swift in Sources */ = {isa = PBXBuildFile; fileRef = B93A5F2F295BCD8A005BFB5C /* ZzimHeaderView.swift */; };
		B93A5F33295BD0B3005BFB5C /* ZzimRoundCell.swift in Sources */ = {isa = PBXBuildFile; fileRef = B93A5F32295BD0B3005BFB5C /* ZzimRoundCell.swift */; };
		B93B883B2959998200067F24 /* RxDataSources in Frameworks */ = {isa = PBXBuildFile; productRef = B93B883A2959998200067F24 /* RxDataSources */; };
		B93E790F293DF6A00061201F /* TodayViewController.swift in Sources */ = {isa = PBXBuildFile; fileRef = B93E790E293DF6A00061201F /* TodayViewController.swift */; };
		B93E7911293DF71E0061201F /* ShoppingMallViewController.swift in Sources */ = {isa = PBXBuildFile; fileRef = B93E7910293DF71E0061201F /* ShoppingMallViewController.swift */; };
		B93FEA68299B346500668F60 /* DetailController.swift in Sources */ = {isa = PBXBuildFile; fileRef = B93FEA67299B346500668F60 /* DetailController.swift */; };
		B9437C382980B0570039761C /* LaboratoryViewModel.swift in Sources */ = {isa = PBXBuildFile; fileRef = B9437C372980B0570039761C /* LaboratoryViewModel.swift */; };
		B944C16B29BEF515008AC420 /* TopButtonCell.swift in Sources */ = {isa = PBXBuildFile; fileRef = B944C16A29BEF515008AC420 /* TopButtonCell.swift */; };
		B9469331299770C6000E2A9D /* BasketController.swift in Sources */ = {isa = PBXBuildFile; fileRef = B9469330299770C6000E2A9D /* BasketController.swift */; };
		B946933529977C49000E2A9D /* SDWebImage in Frameworks */ = {isa = PBXBuildFile; productRef = B946933429977C49000E2A9D /* SDWebImage */; };
		B946E13A2967A4BE00BF71F3 /* BrandController.swift in Sources */ = {isa = PBXBuildFile; fileRef = B946E1392967A4BE00BF71F3 /* BrandController.swift */; };
		B946E13D2967A99500BF71F3 /* BeautyController.swift in Sources */ = {isa = PBXBuildFile; fileRef = B946E13C2967A99500BF71F3 /* BeautyController.swift */; };
		B946E1402967A9D300BF71F3 /* PhoneCaseController.swift in Sources */ = {isa = PBXBuildFile; fileRef = B946E13F2967A9D300BF71F3 /* PhoneCaseController.swift */; };
		B946E1432967ADAF00BF71F3 /* ButtonBarPagerTab+.swift in Sources */ = {isa = PBXBuildFile; fileRef = B946E1422967ADAF00BF71F3 /* ButtonBarPagerTab+.swift */; };
		B946E1452967B3E300BF71F3 /* CodiController.swift in Sources */ = {isa = PBXBuildFile; fileRef = B946E1442967B3E300BF71F3 /* CodiController.swift */; };
		B946E1482967B44A00BF71F3 /* BestController.swift in Sources */ = {isa = PBXBuildFile; fileRef = B946E1472967B44A00BF71F3 /* BestController.swift */; };
		B946E14A2967B47300BF71F3 /* HotDealController.swift in Sources */ = {isa = PBXBuildFile; fileRef = B946E1492967B47300BF71F3 /* HotDealController.swift */; };
		B95218E8293C8FD500018DAF /* HomeViewController.swift in Sources */ = {isa = PBXBuildFile; fileRef = B95218E7293C8FD500018DAF /* HomeViewController.swift */; };
		B95218EC293C941600018DAF /* SnapKit in Frameworks */ = {isa = PBXBuildFile; productRef = B95218EB293C941600018DAF /* SnapKit */; };
		B95218EE293CA14300018DAF /* TabViewController.swift in Sources */ = {isa = PBXBuildFile; fileRef = B95218ED293CA14300018DAF /* TabViewController.swift */; };
		B95218F1293CA4C100018DAF /* MarketViewController.swift in Sources */ = {isa = PBXBuildFile; fileRef = B95218F0293CA4C100018DAF /* MarketViewController.swift */; };
		B95218F6293CA4EB00018DAF /* ZzimViewController.swift in Sources */ = {isa = PBXBuildFile; fileRef = B95218F5293CA4EB00018DAF /* ZzimViewController.swift */; };
		B95218F9293CA51C00018DAF /* MypageViewController.swift in Sources */ = {isa = PBXBuildFile; fileRef = B95218F8293CA51C00018DAF /* MypageViewController.swift */; };
		B957AF79298B95F4005A2987 /* MarketTableDelegate.swift in Sources */ = {isa = PBXBuildFile; fileRef = B957AF78298B95F4005A2987 /* MarketTableDelegate.swift */; };
		B95BAB2229507E26004D6306 /* UINavigationController+.swift in Sources */ = {isa = PBXBuildFile; fileRef = B95BAB2129507E26004D6306 /* UINavigationController+.swift */; };
		B95E83FC29BCBAF200CCC3D7 /* FirebaseAuth in Frameworks */ = {isa = PBXBuildFile; productRef = B95E83FB29BCBAF200CCC3D7 /* FirebaseAuth */; };
		B95E83FE29BCBAF200CCC3D7 /* FirebaseDatabase in Frameworks */ = {isa = PBXBuildFile; productRef = B95E83FD29BCBAF200CCC3D7 /* FirebaseDatabase */; };
		B95E840029BCBAF200CCC3D7 /* FirebaseStorage in Frameworks */ = {isa = PBXBuildFile; productRef = B95E83FF29BCBAF200CCC3D7 /* FirebaseStorage */; };
		B95E840229BCC02100CCC3D7 /* GoogleService-Info.plist in Resources */ = {isa = PBXBuildFile; fileRef = B95E840129BCC02100CCC3D7 /* GoogleService-Info.plist */; };
		B95F09BA298CC284006F3B11 /* CollectionController.swift in Sources */ = {isa = PBXBuildFile; fileRef = B95F09B9298CC284006F3B11 /* CollectionController.swift */; };
		B9607A36299C8E0C00CACF63 /* DetailModel.swift in Sources */ = {isa = PBXBuildFile; fileRef = B9607A35299C8E0C00CACF63 /* DetailModel.swift */; };
		B963F7FB299FDDFB0048D4C4 /* UIImageView+.swift in Sources */ = {isa = PBXBuildFile; fileRef = B963F7FA299FDDFB0048D4C4 /* UIImageView+.swift */; };
		B963F7FD299FE6820048D4C4 /* UIStackView+.swift in Sources */ = {isa = PBXBuildFile; fileRef = B963F7FC299FE6820048D4C4 /* UIStackView+.swift */; };
		B966B2D429B072240020054C /* BannerCell.swift in Sources */ = {isa = PBXBuildFile; fileRef = B966B2D329B072240020054C /* BannerCell.swift */; };
		B9670C3929514EDC00616BC5 /* MyPageCell.swift in Sources */ = {isa = PBXBuildFile; fileRef = B9670C3829514EDC00616BC5 /* MyPageCell.swift */; };
		B9670C4529515DDE00616BC5 /* MyPageEnum.swift in Sources */ = {isa = PBXBuildFile; fileRef = B9670C4429515DDE00616BC5 /* MyPageEnum.swift */; };
		B9683C8429A49E8800AA9CBE /* 3.jpg in Resources */ = {isa = PBXBuildFile; fileRef = B9683C8129A49E8800AA9CBE /* 3.jpg */; };
		B9683C8529A49E8800AA9CBE /* 2.jpg in Resources */ = {isa = PBXBuildFile; fileRef = B9683C8229A49E8800AA9CBE /* 2.jpg */; };
		B9683C8629A49E8800AA9CBE /* 1.jpg in Resources */ = {isa = PBXBuildFile; fileRef = B9683C8329A49E8800AA9CBE /* 1.jpg */; };
		B968E6542988DA7300209AF3 /* MarketModel.swift in Sources */ = {isa = PBXBuildFile; fileRef = B968E6532988DA7300209AF3 /* MarketModel.swift */; };
		B96950AC2940292F000520A8 /* enum.swift in Sources */ = {isa = PBXBuildFile; fileRef = B96950AB2940292F000520A8 /* enum.swift */; };
		B96A1D6029B6DE010033A760 /* HomeViewModel.swift in Sources */ = {isa = PBXBuildFile; fileRef = B96A1D5F29B6DE010033A760 /* HomeViewModel.swift */; };
		B96CFB8C298E424500AD16F4 /* CompositionalLayout.swift in Sources */ = {isa = PBXBuildFile; fileRef = B96CFB8B298E424500AD16F4 /* CompositionalLayout.swift */; };
		B96E2BBA29BDA28600A5E393 /* FirebaseService.swift in Sources */ = {isa = PBXBuildFile; fileRef = B96E2BB929BDA28600A5E393 /* FirebaseService.swift */; };
		B96E2BC129BDB4B300A5E393 /* MainCustomNavigationBar.swift in Sources */ = {isa = PBXBuildFile; fileRef = B96E2BC029BDB4B300A5E393 /* MainCustomNavigationBar.swift */; };
		B96F3ED429A091520001F138 /* ProductInfoCell.swift in Sources */ = {isa = PBXBuildFile; fileRef = B96F3ED329A091520001F138 /* ProductInfoCell.swift */; };
		B96F3ED829A31AE70001F138 /* DeliveryCell.swift in Sources */ = {isa = PBXBuildFile; fileRef = B96F3ED729A31AE70001F138 /* DeliveryCell.swift */; };
		B9720993297BD3AF0050B169 /* TodayModel.swift in Sources */ = {isa = PBXBuildFile; fileRef = B9720992297BD3AF0050B169 /* TodayModel.swift */; };
		B9720995297BDD810050B169 /* TodayVIewModel.swift in Sources */ = {isa = PBXBuildFile; fileRef = B9720994297BDD810050B169 /* TodayVIewModel.swift */; };
		B972C2B9298F9457006F03B8 /* UIButton+.swift in Sources */ = {isa = PBXBuildFile; fileRef = B972C2B8298F9457006F03B8 /* UIButton+.swift */; };
		B972C2BB298FB1FB006F03B8 /* SyagModel.swift in Sources */ = {isa = PBXBuildFile; fileRef = B972C2BA298FB1FB006F03B8 /* SyagModel.swift */; };
		B972EBE729A9DD0900061E0E /* BasePaddingLabel.swift in Sources */ = {isa = PBXBuildFile; fileRef = B972EBE629A9DD0900061E0E /* BasePaddingLabel.swift */; };
		B972EBE929A9E9C000061E0E /* UIColor+.swift in Sources */ = {isa = PBXBuildFile; fileRef = B972EBE829A9E9C000061E0E /* UIColor+.swift */; };
		B972EBEB29A9EDE800061E0E /* RelatedProductCell.swift in Sources */ = {isa = PBXBuildFile; fileRef = B972EBEA29A9EDE800061E0E /* RelatedProductCell.swift */; };
		B972EBED29A9F19D00061E0E /* ProductDetailInfoCell.swift in Sources */ = {isa = PBXBuildFile; fileRef = B972EBEC29A9F19D00061E0E /* ProductDetailInfoCell.swift */; };
		B972EBEF29AA29C700061E0E /* TotalTabView.swift in Sources */ = {isa = PBXBuildFile; fileRef = B972EBEE29AA29C700061E0E /* TotalTabView.swift */; };
		B972EBF129AA2C6F00061E0E /* ProductInfo.swift in Sources */ = {isa = PBXBuildFile; fileRef = B972EBF029AA2C6F00061E0E /* ProductInfo.swift */; };
		B972EBF429AA2C8200061E0E /* ProductReview.swift in Sources */ = {isa = PBXBuildFile; fileRef = B972EBF329AA2C8200061E0E /* ProductReview.swift */; };
		B985AD5A29BA06420088BE41 /* MainFunc.swift in Sources */ = {isa = PBXBuildFile; fileRef = B985AD5929BA06420088BE41 /* MainFunc.swift */; };
		B9BE11C02962CA0500C6BFD4 /* ZzimBoxCell.swift in Sources */ = {isa = PBXBuildFile; fileRef = B9BE11BF2962CA0500C6BFD4 /* ZzimBoxCell.swift */; };
		B9CED5CB29553C9700FDD60C /* ZzimViewModel.swift in Sources */ = {isa = PBXBuildFile; fileRef = B9CED5CA29553C9700FDD60C /* ZzimViewModel.swift */; };
		B9CED5CD29553E6100FDD60C /* ZzimModel.swift in Sources */ = {isa = PBXBuildFile; fileRef = B9CED5CC29553E6100FDD60C /* ZzimModel.swift */; };
		B9FECC2F2953E3AF001AF759 /* MyPageViewModel.swift in Sources */ = {isa = PBXBuildFile; fileRef = B9FECC2E2953E3AF001AF759 /* MyPageViewModel.swift */; };
		B9FECC312953E5EE001AF759 /* ViewModel.swift in Sources */ = {isa = PBXBuildFile; fileRef = B9FECC302953E5EE001AF759 /* ViewModel.swift */; };
		B9FECC342953E607001AF759 /* RxCocoa in Frameworks */ = {isa = PBXBuildFile; productRef = B9FECC332953E607001AF759 /* RxCocoa */; };
		B9FECC362953E607001AF759 /* RxRelay in Frameworks */ = {isa = PBXBuildFile; productRef = B9FECC352953E607001AF759 /* RxRelay */; };
		B9FECC382953E607001AF759 /* RxSwift in Frameworks */ = {isa = PBXBuildFile; productRef = B9FECC372953E607001AF759 /* RxSwift */; };
		B9FECC3A2953EC3E001AF759 /* MyPageModel.swift in Sources */ = {isa = PBXBuildFile; fileRef = B9FECC392953EC3E001AF759 /* MyPageModel.swift */; };
/* End PBXBuildFile section */

/* Begin PBXFileReference section */
		52F5A80787214F16E2304384 /* Pods_Ably.framework */ = {isa = PBXFileReference; explicitFileType = wrapper.framework; includeInIndex = 0; path = Pods_Ably.framework; sourceTree = BUILT_PRODUCTS_DIR; };
		B37E54EFC8077CDE4EC46483 /* Pods-Ably.release.xcconfig */ = {isa = PBXFileReference; includeInIndex = 1; lastKnownFileType = text.xcconfig; name = "Pods-Ably.release.xcconfig"; path = "Target Support Files/Pods-Ably/Pods-Ably.release.xcconfig"; sourceTree = "<group>"; };
		B914D9DE296E4C0A0035B5EF /* CenterController.swift */ = {isa = PBXFileReference; lastKnownFileType = sourcecode.swift; path = CenterController.swift; sourceTree = "<group>"; };
		B914D9E0296E4C550035B5EF /* ListController.swift */ = {isa = PBXFileReference; lastKnownFileType = sourcecode.swift; path = ListController.swift; sourceTree = "<group>"; };
		B914D9E2296E4C680035B5EF /* PrivacyController.swift */ = {isa = PBXFileReference; lastKnownFileType = sourcecode.swift; path = PrivacyController.swift; sourceTree = "<group>"; };
		B914D9E4296E4C7E0035B5EF /* ServiceController.swift */ = {isa = PBXFileReference; lastKnownFileType = sourcecode.swift; path = ServiceController.swift; sourceTree = "<group>"; };
		B914D9E6296E4C920035B5EF /* LaboratoryController.swift */ = {isa = PBXFileReference; lastKnownFileType = sourcecode.swift; path = LaboratoryController.swift; sourceTree = "<group>"; };
		B914D9E8296E4CB00035B5EF /* OpenLicenseController.swift */ = {isa = PBXFileReference; lastKnownFileType = sourcecode.swift; path = OpenLicenseController.swift; sourceTree = "<group>"; };
		B921BD5A299B96E1005BED18 /* DetailViewModel.swift */ = {isa = PBXFileReference; lastKnownFileType = sourcecode.swift; path = DetailViewModel.swift; sourceTree = "<group>"; };
		B9231958293A08F300236B6D /* Ably.app */ = {isa = PBXFileReference; explicitFileType = wrapper.application; includeInIndex = 0; path = Ably.app; sourceTree = BUILT_PRODUCTS_DIR; };
		B923195B293A08F300236B6D /* AppDelegate.swift */ = {isa = PBXFileReference; lastKnownFileType = sourcecode.swift; path = AppDelegate.swift; sourceTree = "<group>"; };
		B923195D293A08F300236B6D /* SceneDelegate.swift */ = {isa = PBXFileReference; lastKnownFileType = sourcecode.swift; path = SceneDelegate.swift; sourceTree = "<group>"; };
		B9231964293A08F400236B6D /* Assets.xcassets */ = {isa = PBXFileReference; lastKnownFileType = folder.assetcatalog; path = Assets.xcassets; sourceTree = "<group>"; };
		B9231967293A08F400236B6D /* Base */ = {isa = PBXFileReference; lastKnownFileType = file.storyboard; name = Base; path = Base.lproj/LaunchScreen.storyboard; sourceTree = "<group>"; };
		B9231969293A08F400236B6D /* Info.plist */ = {isa = PBXFileReference; lastKnownFileType = text.plist.xml; path = Info.plist; sourceTree = "<group>"; };
		B9243341296F91C1006B7DE8 /* MarketViewModel.swift */ = {isa = PBXFileReference; lastKnownFileType = sourcecode.swift; path = MarketViewModel.swift; sourceTree = "<group>"; };
		B9243343296F9307006B7DE8 /* MarketCell.swift */ = {isa = PBXFileReference; lastKnownFileType = sourcecode.swift; path = MarketCell.swift; sourceTree = "<group>"; };
		B930F456296BD718005493C8 /* CellEnum.swift */ = {isa = PBXFileReference; lastKnownFileType = sourcecode.swift; path = CellEnum.swift; sourceTree = "<group>"; };
		B930F458296BEA6A005493C8 /* BenefitController.swift */ = {isa = PBXFileReference; lastKnownFileType = sourcecode.swift; path = BenefitController.swift; sourceTree = "<group>"; };
		B930F45B296BF4F1005493C8 /* MyPageTableDelegate.swift */ = {isa = PBXFileReference; lastKnownFileType = sourcecode.swift; path = MyPageTableDelegate.swift; sourceTree = "<group>"; };
		B931D1512952B422002B3F1D /* TableHeader.swift */ = {isa = PBXFileReference; lastKnownFileType = sourcecode.swift; path = TableHeader.swift; sourceTree = "<group>"; };
		B932A30E2973EA82007D22C1 /* SyagController.swift */ = {isa = PBXFileReference; lastKnownFileType = sourcecode.swift; path = SyagController.swift; sourceTree = "<group>"; };
		B93A5F2F295BCD8A005BFB5C /* ZzimHeaderView.swift */ = {isa = PBXFileReference; lastKnownFileType = sourcecode.swift; path = ZzimHeaderView.swift; sourceTree = "<group>"; };
		B93A5F32295BD0B3005BFB5C /* ZzimRoundCell.swift */ = {isa = PBXFileReference; lastKnownFileType = sourcecode.swift; path = ZzimRoundCell.swift; sourceTree = "<group>"; };
		B93E790E293DF6A00061201F /* TodayViewController.swift */ = {isa = PBXFileReference; lastKnownFileType = sourcecode.swift; path = TodayViewController.swift; sourceTree = "<group>"; };
		B93E7910293DF71E0061201F /* ShoppingMallViewController.swift */ = {isa = PBXFileReference; lastKnownFileType = sourcecode.swift; path = ShoppingMallViewController.swift; sourceTree = "<group>"; };
		B93FEA67299B346500668F60 /* DetailController.swift */ = {isa = PBXFileReference; lastKnownFileType = sourcecode.swift; path = DetailController.swift; sourceTree = "<group>"; };
		B9437C372980B0570039761C /* LaboratoryViewModel.swift */ = {isa = PBXFileReference; lastKnownFileType = sourcecode.swift; path = LaboratoryViewModel.swift; sourceTree = "<group>"; };
		B944C16A29BEF515008AC420 /* TopButtonCell.swift */ = {isa = PBXFileReference; lastKnownFileType = sourcecode.swift; path = TopButtonCell.swift; sourceTree = "<group>"; };
		B9469330299770C6000E2A9D /* BasketController.swift */ = {isa = PBXFileReference; lastKnownFileType = sourcecode.swift; path = BasketController.swift; sourceTree = "<group>"; };
		B946E1392967A4BE00BF71F3 /* BrandController.swift */ = {isa = PBXFileReference; lastKnownFileType = sourcecode.swift; path = BrandController.swift; sourceTree = "<group>"; };
		B946E13C2967A99500BF71F3 /* BeautyController.swift */ = {isa = PBXFileReference; lastKnownFileType = sourcecode.swift; path = BeautyController.swift; sourceTree = "<group>"; };
		B946E13F2967A9D300BF71F3 /* PhoneCaseController.swift */ = {isa = PBXFileReference; lastKnownFileType = sourcecode.swift; path = PhoneCaseController.swift; sourceTree = "<group>"; };
		B946E1422967ADAF00BF71F3 /* ButtonBarPagerTab+.swift */ = {isa = PBXFileReference; lastKnownFileType = sourcecode.swift; path = "ButtonBarPagerTab+.swift"; sourceTree = "<group>"; };
		B946E1442967B3E300BF71F3 /* CodiController.swift */ = {isa = PBXFileReference; lastKnownFileType = sourcecode.swift; path = CodiController.swift; sourceTree = "<group>"; };
		B946E1472967B44A00BF71F3 /* BestController.swift */ = {isa = PBXFileReference; lastKnownFileType = sourcecode.swift; path = BestController.swift; sourceTree = "<group>"; };
		B946E1492967B47300BF71F3 /* HotDealController.swift */ = {isa = PBXFileReference; lastKnownFileType = sourcecode.swift; path = HotDealController.swift; sourceTree = "<group>"; };
		B95218E7293C8FD500018DAF /* HomeViewController.swift */ = {isa = PBXFileReference; lastKnownFileType = sourcecode.swift; path = HomeViewController.swift; sourceTree = "<group>"; };
		B95218ED293CA14300018DAF /* TabViewController.swift */ = {isa = PBXFileReference; lastKnownFileType = sourcecode.swift; path = TabViewController.swift; sourceTree = "<group>"; };
		B95218F0293CA4C100018DAF /* MarketViewController.swift */ = {isa = PBXFileReference; lastKnownFileType = sourcecode.swift; path = MarketViewController.swift; sourceTree = "<group>"; };
		B95218F5293CA4EB00018DAF /* ZzimViewController.swift */ = {isa = PBXFileReference; lastKnownFileType = sourcecode.swift; path = ZzimViewController.swift; sourceTree = "<group>"; };
		B95218F8293CA51C00018DAF /* MypageViewController.swift */ = {isa = PBXFileReference; lastKnownFileType = sourcecode.swift; path = MypageViewController.swift; sourceTree = "<group>"; };
		B957AF78298B95F4005A2987 /* MarketTableDelegate.swift */ = {isa = PBXFileReference; lastKnownFileType = sourcecode.swift; path = MarketTableDelegate.swift; sourceTree = "<group>"; };
		B95BAB2129507E26004D6306 /* UINavigationController+.swift */ = {isa = PBXFileReference; lastKnownFileType = sourcecode.swift; path = "UINavigationController+.swift"; sourceTree = "<group>"; };
		B95E840129BCC02100CCC3D7 /* GoogleService-Info.plist */ = {isa = PBXFileReference; fileEncoding = 4; lastKnownFileType = text.plist.xml; path = "GoogleService-Info.plist"; sourceTree = "<group>"; };
		B95F09B9298CC284006F3B11 /* CollectionController.swift */ = {isa = PBXFileReference; lastKnownFileType = sourcecode.swift; path = CollectionController.swift; sourceTree = "<group>"; };
		B9607A35299C8E0C00CACF63 /* DetailModel.swift */ = {isa = PBXFileReference; lastKnownFileType = sourcecode.swift; path = DetailModel.swift; sourceTree = "<group>"; };
		B963F7FA299FDDFB0048D4C4 /* UIImageView+.swift */ = {isa = PBXFileReference; lastKnownFileType = sourcecode.swift; path = "UIImageView+.swift"; sourceTree = "<group>"; };
		B963F7FC299FE6820048D4C4 /* UIStackView+.swift */ = {isa = PBXFileReference; lastKnownFileType = sourcecode.swift; path = "UIStackView+.swift"; sourceTree = "<group>"; };
		B966B2D329B072240020054C /* BannerCell.swift */ = {isa = PBXFileReference; lastKnownFileType = sourcecode.swift; path = BannerCell.swift; sourceTree = "<group>"; };
		B9670C3829514EDC00616BC5 /* MyPageCell.swift */ = {isa = PBXFileReference; lastKnownFileType = sourcecode.swift; path = MyPageCell.swift; sourceTree = "<group>"; };
		B9670C4429515DDE00616BC5 /* MyPageEnum.swift */ = {isa = PBXFileReference; lastKnownFileType = sourcecode.swift; path = MyPageEnum.swift; sourceTree = "<group>"; };
		B9683C8129A49E8800AA9CBE /* 3.jpg */ = {isa = PBXFileReference; lastKnownFileType = image.jpeg; path = 3.jpg; sourceTree = "<group>"; };
		B9683C8229A49E8800AA9CBE /* 2.jpg */ = {isa = PBXFileReference; lastKnownFileType = image.jpeg; path = 2.jpg; sourceTree = "<group>"; };
		B9683C8329A49E8800AA9CBE /* 1.jpg */ = {isa = PBXFileReference; lastKnownFileType = image.jpeg; path = 1.jpg; sourceTree = "<group>"; };
		B968E6532988DA7300209AF3 /* MarketModel.swift */ = {isa = PBXFileReference; lastKnownFileType = sourcecode.swift; path = MarketModel.swift; sourceTree = "<group>"; };
		B96950AB2940292F000520A8 /* enum.swift */ = {isa = PBXFileReference; lastKnownFileType = sourcecode.swift; path = enum.swift; sourceTree = "<group>"; };
		B96A1D5F29B6DE010033A760 /* HomeViewModel.swift */ = {isa = PBXFileReference; lastKnownFileType = sourcecode.swift; path = HomeViewModel.swift; sourceTree = "<group>"; };
		B96CFB8B298E424500AD16F4 /* CompositionalLayout.swift */ = {isa = PBXFileReference; lastKnownFileType = sourcecode.swift; path = CompositionalLayout.swift; sourceTree = "<group>"; };
		B96E2BB929BDA28600A5E393 /* FirebaseService.swift */ = {isa = PBXFileReference; lastKnownFileType = sourcecode.swift; path = FirebaseService.swift; sourceTree = "<group>"; };
		B96E2BC029BDB4B300A5E393 /* MainCustomNavigationBar.swift */ = {isa = PBXFileReference; lastKnownFileType = sourcecode.swift; path = MainCustomNavigationBar.swift; sourceTree = "<group>"; };
		B96F3ED329A091520001F138 /* ProductInfoCell.swift */ = {isa = PBXFileReference; lastKnownFileType = sourcecode.swift; path = ProductInfoCell.swift; sourceTree = "<group>"; };
		B96F3ED729A31AE70001F138 /* DeliveryCell.swift */ = {isa = PBXFileReference; lastKnownFileType = sourcecode.swift; path = DeliveryCell.swift; sourceTree = "<group>"; };
		B9720992297BD3AF0050B169 /* TodayModel.swift */ = {isa = PBXFileReference; lastKnownFileType = sourcecode.swift; path = TodayModel.swift; sourceTree = "<group>"; };
		B9720994297BDD810050B169 /* TodayVIewModel.swift */ = {isa = PBXFileReference; lastKnownFileType = sourcecode.swift; path = TodayVIewModel.swift; sourceTree = "<group>"; };
		B972C2B8298F9457006F03B8 /* UIButton+.swift */ = {isa = PBXFileReference; lastKnownFileType = sourcecode.swift; path = "UIButton+.swift"; sourceTree = "<group>"; };
		B972C2BA298FB1FB006F03B8 /* SyagModel.swift */ = {isa = PBXFileReference; lastKnownFileType = sourcecode.swift; path = SyagModel.swift; sourceTree = "<group>"; };
		B972EBE629A9DD0900061E0E /* BasePaddingLabel.swift */ = {isa = PBXFileReference; lastKnownFileType = sourcecode.swift; path = BasePaddingLabel.swift; sourceTree = "<group>"; };
		B972EBE829A9E9C000061E0E /* UIColor+.swift */ = {isa = PBXFileReference; lastKnownFileType = sourcecode.swift; path = "UIColor+.swift"; sourceTree = "<group>"; };
		B972EBEA29A9EDE800061E0E /* RelatedProductCell.swift */ = {isa = PBXFileReference; lastKnownFileType = sourcecode.swift; path = RelatedProductCell.swift; sourceTree = "<group>"; };
		B972EBEC29A9F19D00061E0E /* ProductDetailInfoCell.swift */ = {isa = PBXFileReference; lastKnownFileType = sourcecode.swift; path = ProductDetailInfoCell.swift; sourceTree = "<group>"; };
		B972EBEE29AA29C700061E0E /* TotalTabView.swift */ = {isa = PBXFileReference; lastKnownFileType = sourcecode.swift; path = TotalTabView.swift; sourceTree = "<group>"; };
		B972EBF029AA2C6F00061E0E /* ProductInfo.swift */ = {isa = PBXFileReference; lastKnownFileType = sourcecode.swift; path = ProductInfo.swift; sourceTree = "<group>"; };
		B972EBF329AA2C8200061E0E /* ProductReview.swift */ = {isa = PBXFileReference; lastKnownFileType = sourcecode.swift; path = ProductReview.swift; sourceTree = "<group>"; };
		B985AD5929BA06420088BE41 /* MainFunc.swift */ = {isa = PBXFileReference; lastKnownFileType = sourcecode.swift; path = MainFunc.swift; sourceTree = "<group>"; };
		B9BE11BF2962CA0500C6BFD4 /* ZzimBoxCell.swift */ = {isa = PBXFileReference; lastKnownFileType = sourcecode.swift; path = ZzimBoxCell.swift; sourceTree = "<group>"; };
		B9CED5CA29553C9700FDD60C /* ZzimViewModel.swift */ = {isa = PBXFileReference; lastKnownFileType = sourcecode.swift; path = ZzimViewModel.swift; sourceTree = "<group>"; };
		B9CED5CC29553E6100FDD60C /* ZzimModel.swift */ = {isa = PBXFileReference; lastKnownFileType = sourcecode.swift; path = ZzimModel.swift; sourceTree = "<group>"; };
		B9FECC2E2953E3AF001AF759 /* MyPageViewModel.swift */ = {isa = PBXFileReference; lastKnownFileType = sourcecode.swift; path = MyPageViewModel.swift; sourceTree = "<group>"; };
		B9FECC302953E5EE001AF759 /* ViewModel.swift */ = {isa = PBXFileReference; lastKnownFileType = sourcecode.swift; path = ViewModel.swift; sourceTree = "<group>"; };
		B9FECC392953EC3E001AF759 /* MyPageModel.swift */ = {isa = PBXFileReference; lastKnownFileType = sourcecode.swift; path = MyPageModel.swift; sourceTree = "<group>"; };
		ED6E82736FC3C54762B1FC9B /* Pods-Ably.debug.xcconfig */ = {isa = PBXFileReference; includeInIndex = 1; lastKnownFileType = text.xcconfig; name = "Pods-Ably.debug.xcconfig"; path = "Target Support Files/Pods-Ably/Pods-Ably.debug.xcconfig"; sourceTree = "<group>"; };
/* End PBXFileReference section */

/* Begin PBXFrameworksBuildPhase section */
		B9231955293A08F300236B6D /* Frameworks */ = {
			isa = PBXFrameworksBuildPhase;
			buildActionMask = 2147483647;
			files = (
				B9FECC342953E607001AF759 /* RxCocoa in Frameworks */,
				B95218EC293C941600018DAF /* SnapKit in Frameworks */,
				B9FECC382953E607001AF759 /* RxSwift in Frameworks */,
				B92ACAA22963B21D00C82616 /* Then in Frameworks */,
				B946933529977C49000E2A9D /* SDWebImage in Frameworks */,
				B930F453296BD597005493C8 /* RxReusableKit in Frameworks */,
				B95E83FE29BCBAF200CCC3D7 /* FirebaseDatabase in Frameworks */,
				B93B883B2959998200067F24 /* RxDataSources in Frameworks */,
				B95E840029BCBAF200CCC3D7 /* FirebaseStorage in Frameworks */,
				B95E83FC29BCBAF200CCC3D7 /* FirebaseAuth in Frameworks */,
				B9FECC362953E607001AF759 /* RxRelay in Frameworks */,
				B930F451296BD597005493C8 /* ReusableKit in Frameworks */,
				3395F29EC6B0F96A4D36839D /* Pods_Ably.framework in Frameworks */,
			);
			runOnlyForDeploymentPostprocessing = 0;
		};
/* End PBXFrameworksBuildPhase section */

/* Begin PBXGroup section */
		76DE8D777101A05417C48F69 /* Frameworks */ = {
			isa = PBXGroup;
			children = (
				52F5A80787214F16E2304384 /* Pods_Ably.framework */,
			);
			name = Frameworks;
			sourceTree = "<group>";
		};
		A4B495129103A4FE7633CA32 /* Pods */ = {
			isa = PBXGroup;
			children = (
				ED6E82736FC3C54762B1FC9B /* Pods-Ably.debug.xcconfig */,
				B37E54EFC8077CDE4EC46483 /* Pods-Ably.release.xcconfig */,
			);
			path = Pods;
			sourceTree = "<group>";
		};
		B921BD57299B966F005BED18 /* Detail */ = {
			isa = PBXGroup;
			children = (
				B963F7F9299F6E2D0048D4C4 /* Utils */,
				B93FEA67299B346500668F60 /* DetailController.swift */,
				B921BD5A299B96E1005BED18 /* DetailViewModel.swift */,
				B9607A35299C8E0C00CACF63 /* DetailModel.swift */,
			);
			path = Detail;
			sourceTree = "<group>";
		};
		B923194F293A08F300236B6D = {
			isa = PBXGroup;
			children = (
				B923195A293A08F300236B6D /* Ably */,
				B9231959293A08F300236B6D /* Products */,
				A4B495129103A4FE7633CA32 /* Pods */,
				76DE8D777101A05417C48F69 /* Frameworks */,
			);
			sourceTree = "<group>";
		};
		B9231959293A08F300236B6D /* Products */ = {
			isa = PBXGroup;
			children = (
				B9231958293A08F300236B6D /* Ably.app */,
			);
			name = Products;
			sourceTree = "<group>";
		};
		B923195A293A08F300236B6D /* Ably */ = {
			isa = PBXGroup;
			children = (
				B923196F293A0AFA00236B6D /* App */,
			);
			path = Ably;
			sourceTree = "<group>";
		};
		B923196F293A0AFA00236B6D /* App */ = {
			isa = PBXGroup;
			children = (
				B9683C8729A49E8E00AA9CBE /* Resources */,
				B923195B293A08F300236B6D /* AppDelegate.swift */,
				B923195D293A08F300236B6D /* SceneDelegate.swift */,
				B96E2BBB29BDA29000A5E393 /* Service */,
				B96950AD29402933000520A8 /* Utils */,
				B95218E9293C8FE700018DAF /* Scene */,
				B9231966293A08F400236B6D /* LaunchScreen.storyboard */,
				B9231969293A08F400236B6D /* Info.plist */,
				B95E840129BCC02100CCC3D7 /* GoogleService-Info.plist */,
				B9231964293A08F400236B6D /* Assets.xcassets */,
			);
			path = App;
			sourceTree = "<group>";
		};
		B9243345296F930E006B7DE8 /* Utils */ = {
			isa = PBXGroup;
			children = (
				B957AF78298B95F4005A2987 /* MarketTableDelegate.swift */,
			);
			path = Utils;
			sourceTree = "<group>";
		};
		B930F45A296BEA6D005493C8 /* SubScene */ = {
			isa = PBXGroup;
			children = (
				B930F458296BEA6A005493C8 /* BenefitController.swift */,
				B914D9DE296E4C0A0035B5EF /* CenterController.swift */,
				B914D9E0296E4C550035B5EF /* ListController.swift */,
				B914D9E2296E4C680035B5EF /* PrivacyController.swift */,
				B914D9E4296E4C7E0035B5EF /* ServiceController.swift */,
				B9437C362980B0470039761C /* Laboratory */,
				B914D9E8296E4CB00035B5EF /* OpenLicenseController.swift */,
			);
			path = SubScene;
			sourceTree = "<group>";
		};
		B932A3102973EA87007D22C1 /* Syag */ = {
			isa = PBXGroup;
			children = (
				B932A30E2973EA82007D22C1 /* SyagController.swift */,
				B972C2BA298FB1FB006F03B8 /* SyagModel.swift */,
			);
			path = Syag;
			sourceTree = "<group>";
		};
		B93A5F31295BCE4C005BFB5C /* Utils */ = {
			isa = PBXGroup;
			children = (
				B93A5F2F295BCD8A005BFB5C /* ZzimHeaderView.swift */,
				B93A5F32295BD0B3005BFB5C /* ZzimRoundCell.swift */,
				B9BE11BF2962CA0500C6BFD4 /* ZzimBoxCell.swift */,
			);
			path = Utils;
			sourceTree = "<group>";
		};
		B93E790A293DE8280061201F /* Utils */ = {
			isa = PBXGroup;
			children = (
				B985AD5929BA06420088BE41 /* MainFunc.swift */,
				B96E2BC029BDB4B300A5E393 /* MainCustomNavigationBar.swift */,
			);
			path = Utils;
			sourceTree = "<group>";
		};
		B9437C362980B0470039761C /* Laboratory */ = {
			isa = PBXGroup;
			children = (
				B914D9E6296E4C920035B5EF /* LaboratoryController.swift */,
				B9437C372980B0570039761C /* LaboratoryViewModel.swift */,
			);
			path = Laboratory;
			sourceTree = "<group>";
		};
		B944C16929BEF501008AC420 /* Cell */ = {
			isa = PBXGroup;
			children = (
				B9243343296F9307006B7DE8 /* MarketCell.swift */,
				B944C16A29BEF515008AC420 /* TopButtonCell.swift */,
			);
			path = Cell;
			sourceTree = "<group>";
		};
		B946933229977371000E2A9D /* Basket */ = {
			isa = PBXGroup;
			children = (
				B9469330299770C6000E2A9D /* BasketController.swift */,
			);
			path = Basket;
			sourceTree = "<group>";
		};
		B95218E9293C8FE700018DAF /* Scene */ = {
			isa = PBXGroup;
			children = (
				B95218ED293CA14300018DAF /* TabViewController.swift */,
				B95218EF293CA4AE00018DAF /* Home */,
				B95218F2293CA4CF00018DAF /* Market */,
				B932A3102973EA87007D22C1 /* Syag */,
				B95218F7293CA4EE00018DAF /* Zzim */,
				B95218FA293CA52000018DAF /* Mypage */,
				B95F09BB298CC28A006F3B11 /* Menu */,
				B946933229977371000E2A9D /* Basket */,
				B921BD57299B966F005BED18 /* Detail */,
			);
			path = Scene;
			sourceTree = "<group>";
		};
		B95218EF293CA4AE00018DAF /* Home */ = {
			isa = PBXGroup;
			children = (
				B93E790A293DE8280061201F /* Utils */,
				B96E2BBC29BDA9EE00A5E393 /* Views */,
				B96E2BBD29BDAA0200A5E393 /* ViewModels */,
				B96E2BBF29BDAC7B00A5E393 /* Model */,
			);
			path = Home;
			sourceTree = "<group>";
		};
		B95218F2293CA4CF00018DAF /* Market */ = {
			isa = PBXGroup;
			children = (
				B9243345296F930E006B7DE8 /* Utils */,
				B96E2BC429BDF0E400A5E393 /* Models */,
				B96E2BC329BDF0D900A5E393 /* ViewModels */,
				B96E2BC229BDF0CC00A5E393 /* Views */,
			);
			path = Market;
			sourceTree = "<group>";
		};
		B95218F7293CA4EE00018DAF /* Zzim */ = {
			isa = PBXGroup;
			children = (
				B93A5F31295BCE4C005BFB5C /* Utils */,
				B95218F5293CA4EB00018DAF /* ZzimViewController.swift */,
				B9CED5CA29553C9700FDD60C /* ZzimViewModel.swift */,
				B9CED5CC29553E6100FDD60C /* ZzimModel.swift */,
			);
			path = Zzim;
			sourceTree = "<group>";
		};
		B95218FA293CA52000018DAF /* Mypage */ = {
			isa = PBXGroup;
			children = (
				B930F45A296BEA6D005493C8 /* SubScene */,
				B9670C4629515DE100616BC5 /* Utils */,
				B95218F8293CA51C00018DAF /* MypageViewController.swift */,
				B9FECC2E2953E3AF001AF759 /* MyPageViewModel.swift */,
				B9FECC392953EC3E001AF759 /* MyPageModel.swift */,
			);
			path = Mypage;
			sourceTree = "<group>";
		};
		B95F09BB298CC28A006F3B11 /* Menu */ = {
			isa = PBXGroup;
			children = (
				B95F09B9298CC284006F3B11 /* CollectionController.swift */,
			);
			path = Menu;
			sourceTree = "<group>";
		};
		B963F7F9299F6E2D0048D4C4 /* Utils */ = {
			isa = PBXGroup;
			children = (
				B96F3ED329A091520001F138 /* ProductInfoCell.swift */,
				B96F3ED729A31AE70001F138 /* DeliveryCell.swift */,
				B972EBEA29A9EDE800061E0E /* RelatedProductCell.swift */,
				B972EBEC29A9F19D00061E0E /* ProductDetailInfoCell.swift */,
				B972EBEE29AA29C700061E0E /* TotalTabView.swift */,
				B972EBF229AA2C7300061E0E /* TabView */,
			);
			path = Utils;
			sourceTree = "<group>";
		};
		B9670C4629515DE100616BC5 /* Utils */ = {
			isa = PBXGroup;
			children = (
				B9670C4429515DDE00616BC5 /* MyPageEnum.swift */,
				B9670C3829514EDC00616BC5 /* MyPageCell.swift */,
				B931D1512952B422002B3F1D /* TableHeader.swift */,
				B930F45B296BF4F1005493C8 /* MyPageTableDelegate.swift */,
			);
			path = Utils;
			sourceTree = "<group>";
		};
		B9683C8729A49E8E00AA9CBE /* Resources */ = {
			isa = PBXGroup;
			children = (
				B9683C8329A49E8800AA9CBE /* 1.jpg */,
				B9683C8229A49E8800AA9CBE /* 2.jpg */,
				B9683C8129A49E8800AA9CBE /* 3.jpg */,
			);
			path = Resources;
			sourceTree = "<group>";
		};
		B96950AD29402933000520A8 /* Utils */ = {
			isa = PBXGroup;
			children = (
				B96950AB2940292F000520A8 /* enum.swift */,
				B95BAB2129507E26004D6306 /* UINavigationController+.swift */,
				B946E1422967ADAF00BF71F3 /* ButtonBarPagerTab+.swift */,
				B9FECC302953E5EE001AF759 /* ViewModel.swift */,
				B930F456296BD718005493C8 /* CellEnum.swift */,
				B96CFB8B298E424500AD16F4 /* CompositionalLayout.swift */,
				B972C2B8298F9457006F03B8 /* UIButton+.swift */,
				B963F7FA299FDDFB0048D4C4 /* UIImageView+.swift */,
				B963F7FC299FE6820048D4C4 /* UIStackView+.swift */,
				B972EBE629A9DD0900061E0E /* BasePaddingLabel.swift */,
				B972EBE829A9E9C000061E0E /* UIColor+.swift */,
			);
			path = Utils;
			sourceTree = "<group>";
		};
		B96E2BBB29BDA29000A5E393 /* Service */ = {
			isa = PBXGroup;
			children = (
				B96E2BB929BDA28600A5E393 /* FirebaseService.swift */,
			);
			path = Service;
			sourceTree = "<group>";
		};
		B96E2BBC29BDA9EE00A5E393 /* Views */ = {
			isa = PBXGroup;
			children = (
				B96E2BBE29BDAC4E00A5E393 /* Cells */,
				B95218E7293C8FD500018DAF /* HomeViewController.swift */,
				B93E790E293DF6A00061201F /* TodayViewController.swift */,
				B93E7910293DF71E0061201F /* ShoppingMallViewController.swift */,
				B946E1392967A4BE00BF71F3 /* BrandController.swift */,
				B946E13C2967A99500BF71F3 /* BeautyController.swift */,
				B946E13F2967A9D300BF71F3 /* PhoneCaseController.swift */,
				B946E1442967B3E300BF71F3 /* CodiController.swift */,
				B946E1472967B44A00BF71F3 /* BestController.swift */,
				B946E1492967B47300BF71F3 /* HotDealController.swift */,
			);
			path = Views;
			sourceTree = "<group>";
		};
		B96E2BBD29BDAA0200A5E393 /* ViewModels */ = {
			isa = PBXGroup;
			children = (
				B96A1D5F29B6DE010033A760 /* HomeViewModel.swift */,
				B9720994297BDD810050B169 /* TodayVIewModel.swift */,
			);
			path = ViewModels;
			sourceTree = "<group>";
		};
		B96E2BBE29BDAC4E00A5E393 /* Cells */ = {
			isa = PBXGroup;
			children = (
				B966B2D329B072240020054C /* BannerCell.swift */,
			);
			path = Cells;
			sourceTree = "<group>";
		};
		B96E2BBF29BDAC7B00A5E393 /* Model */ = {
			isa = PBXGroup;
			children = (
				B9720992297BD3AF0050B169 /* TodayModel.swift */,
			);
			path = Model;
			sourceTree = "<group>";
		};
		B96E2BC229BDF0CC00A5E393 /* Views */ = {
			isa = PBXGroup;
			children = (
				B944C16929BEF501008AC420 /* Cell */,
				B95218F0293CA4C100018DAF /* MarketViewController.swift */,
			);
			path = Views;
			sourceTree = "<group>";
		};
		B96E2BC329BDF0D900A5E393 /* ViewModels */ = {
			isa = PBXGroup;
			children = (
				B9243341296F91C1006B7DE8 /* MarketViewModel.swift */,
			);
			path = ViewModels;
			sourceTree = "<group>";
		};
		B96E2BC429BDF0E400A5E393 /* Models */ = {
			isa = PBXGroup;
			children = (
				B968E6532988DA7300209AF3 /* MarketModel.swift */,
			);
			path = Models;
			sourceTree = "<group>";
		};
		B972EBF229AA2C7300061E0E /* TabView */ = {
			isa = PBXGroup;
			children = (
				B972EBF029AA2C6F00061E0E /* ProductInfo.swift */,
				B972EBF329AA2C8200061E0E /* ProductReview.swift */,
			);
			path = TabView;
			sourceTree = "<group>";
		};
/* End PBXGroup section */

/* Begin PBXNativeTarget section */
		B9231957293A08F300236B6D /* Ably */ = {
			isa = PBXNativeTarget;
			buildConfigurationList = B923196C293A08F400236B6D /* Build configuration list for PBXNativeTarget "Ably" */;
			buildPhases = (
				04459954A8AB4CA3C9C59783 /* [CP] Check Pods Manifest.lock */,
				B9231954293A08F300236B6D /* Sources */,
				B9231955293A08F300236B6D /* Frameworks */,
				B9231956293A08F300236B6D /* Resources */,
				C65714B32EC8A05DD9EB68CA /* [CP] Embed Pods Frameworks */,
			);
			buildRules = (
			);
			dependencies = (
			);
			name = Ably;
			packageProductDependencies = (
				B95218EB293C941600018DAF /* SnapKit */,
				B9FECC332953E607001AF759 /* RxCocoa */,
				B9FECC352953E607001AF759 /* RxRelay */,
				B9FECC372953E607001AF759 /* RxSwift */,
				B93B883A2959998200067F24 /* RxDataSources */,
				B92ACAA12963B21D00C82616 /* Then */,
				B930F450296BD597005493C8 /* ReusableKit */,
				B930F452296BD597005493C8 /* RxReusableKit */,
				B946933429977C49000E2A9D /* SDWebImage */,
				B95E83FB29BCBAF200CCC3D7 /* FirebaseAuth */,
				B95E83FD29BCBAF200CCC3D7 /* FirebaseDatabase */,
				B95E83FF29BCBAF200CCC3D7 /* FirebaseStorage */,
			);
			productName = Ably;
			productReference = B9231958293A08F300236B6D /* Ably.app */;
			productType = "com.apple.product-type.application";
		};
/* End PBXNativeTarget section */

/* Begin PBXProject section */
		B9231950293A08F300236B6D /* Project object */ = {
			isa = PBXProject;
			attributes = {
				BuildIndependentTargetsInParallel = 1;
				LastSwiftUpdateCheck = 1400;
				LastUpgradeCheck = 1400;
				TargetAttributes = {
					B9231957293A08F300236B6D = {
						CreatedOnToolsVersion = 14.0.1;
					};
				};
			};
			buildConfigurationList = B9231953293A08F300236B6D /* Build configuration list for PBXProject "Ably" */;
			compatibilityVersion = "Xcode 13.0";
			developmentRegion = en;
			hasScannedForEncodings = 0;
			knownRegions = (
				en,
				Base,
			);
			mainGroup = B923194F293A08F300236B6D;
			packageReferences = (
				B95218EA293C941600018DAF /* XCRemoteSwiftPackageReference "SnapKit" */,
				B9FECC322953E607001AF759 /* XCRemoteSwiftPackageReference "RxSwift" */,
				B93B88392959998200067F24 /* XCRemoteSwiftPackageReference "RxDataSources" */,
				B92ACAA02963B21D00C82616 /* XCRemoteSwiftPackageReference "Then" */,
				B930F44F296BD597005493C8 /* XCRemoteSwiftPackageReference "ReusableKit" */,
				B946933329977C49000E2A9D /* XCRemoteSwiftPackageReference "SDWebImage" */,
				B95E83FA29BCBAF200CCC3D7 /* XCRemoteSwiftPackageReference "firebase-ios-sdk" */,
			);
			productRefGroup = B9231959293A08F300236B6D /* Products */;
			projectDirPath = "";
			projectRoot = "";
			targets = (
				B9231957293A08F300236B6D /* Ably */,
			);
		};
/* End PBXProject section */

/* Begin PBXResourcesBuildPhase section */
		B9231956293A08F300236B6D /* Resources */ = {
			isa = PBXResourcesBuildPhase;
			buildActionMask = 2147483647;
			files = (
				B9683C8429A49E8800AA9CBE /* 3.jpg in Resources */,
				B9231968293A08F400236B6D /* LaunchScreen.storyboard in Resources */,
				B9683C8529A49E8800AA9CBE /* 2.jpg in Resources */,
				B9231965293A08F400236B6D /* Assets.xcassets in Resources */,
				B9683C8629A49E8800AA9CBE /* 1.jpg in Resources */,
				B95E840229BCC02100CCC3D7 /* GoogleService-Info.plist in Resources */,
			);
			runOnlyForDeploymentPostprocessing = 0;
		};
/* End PBXResourcesBuildPhase section */

/* Begin PBXShellScriptBuildPhase section */
		04459954A8AB4CA3C9C59783 /* [CP] Check Pods Manifest.lock */ = {
			isa = PBXShellScriptBuildPhase;
			buildActionMask = 2147483647;
			files = (
			);
			inputFileListPaths = (
			);
			inputPaths = (
				"${PODS_PODFILE_DIR_PATH}/Podfile.lock",
				"${PODS_ROOT}/Manifest.lock",
			);
			name = "[CP] Check Pods Manifest.lock";
			outputFileListPaths = (
			);
			outputPaths = (
				"$(DERIVED_FILE_DIR)/Pods-Ably-checkManifestLockResult.txt",
			);
			runOnlyForDeploymentPostprocessing = 0;
			shellPath = /bin/sh;
			shellScript = "diff \"${PODS_PODFILE_DIR_PATH}/Podfile.lock\" \"${PODS_ROOT}/Manifest.lock\" > /dev/null\nif [ $? != 0 ] ; then\n    # print error to STDERR\n    echo \"error: The sandbox is not in sync with the Podfile.lock. Run 'pod install' or update your CocoaPods installation.\" >&2\n    exit 1\nfi\n# This output is used by Xcode 'outputs' to avoid re-running this script phase.\necho \"SUCCESS\" > \"${SCRIPT_OUTPUT_FILE_0}\"\n";
			showEnvVarsInLog = 0;
		};
		C65714B32EC8A05DD9EB68CA /* [CP] Embed Pods Frameworks */ = {
			isa = PBXShellScriptBuildPhase;
			buildActionMask = 2147483647;
			files = (
			);
			inputFileListPaths = (
				"${PODS_ROOT}/Target Support Files/Pods-Ably/Pods-Ably-frameworks-${CONFIGURATION}-input-files.xcfilelist",
			);
			name = "[CP] Embed Pods Frameworks";
			outputFileListPaths = (
				"${PODS_ROOT}/Target Support Files/Pods-Ably/Pods-Ably-frameworks-${CONFIGURATION}-output-files.xcfilelist",
			);
			runOnlyForDeploymentPostprocessing = 0;
			shellPath = /bin/sh;
			shellScript = "\"${PODS_ROOT}/Target Support Files/Pods-Ably/Pods-Ably-frameworks.sh\"\n";
			showEnvVarsInLog = 0;
		};
/* End PBXShellScriptBuildPhase section */

/* Begin PBXSourcesBuildPhase section */
		B9231954293A08F300236B6D /* Sources */ = {
			isa = PBXSourcesBuildPhase;
			buildActionMask = 2147483647;
			files = (
				B96950AC2940292F000520A8 /* enum.swift in Sources */,
				B96F3ED829A31AE70001F138 /* DeliveryCell.swift in Sources */,
				B9CED5CD29553E6100FDD60C /* ZzimModel.swift in Sources */,
				B9243344296F9307006B7DE8 /* MarketCell.swift in Sources */,
				B972C2B9298F9457006F03B8 /* UIButton+.swift in Sources */,
				B95218F6293CA4EB00018DAF /* ZzimViewController.swift in Sources */,
				B9469331299770C6000E2A9D /* BasketController.swift in Sources */,
				B923195C293A08F300236B6D /* AppDelegate.swift in Sources */,
				B9670C4529515DDE00616BC5 /* MyPageEnum.swift in Sources */,
				B9720995297BDD810050B169 /* TodayVIewModel.swift in Sources */,
				B96E2BBA29BDA28600A5E393 /* FirebaseService.swift in Sources */,
				B946E14A2967B47300BF71F3 /* HotDealController.swift in Sources */,
				B914D9E1296E4C550035B5EF /* ListController.swift in Sources */,
				B95218F9293CA51C00018DAF /* MypageViewController.swift in Sources */,
				B914D9E3296E4C680035B5EF /* PrivacyController.swift in Sources */,
				B946E1452967B3E300BF71F3 /* CodiController.swift in Sources */,
				B946E1402967A9D300BF71F3 /* PhoneCaseController.swift in Sources */,
				B9607A36299C8E0C00CACF63 /* DetailModel.swift in Sources */,
				B93E7911293DF71E0061201F /* ShoppingMallViewController.swift in Sources */,
				B9FECC312953E5EE001AF759 /* ViewModel.swift in Sources */,
				B972EBEB29A9EDE800061E0E /* RelatedProductCell.swift in Sources */,
				B972EBF129AA2C6F00061E0E /* ProductInfo.swift in Sources */,
				B914D9E9296E4CB00035B5EF /* OpenLicenseController.swift in Sources */,
				B963F7FB299FDDFB0048D4C4 /* UIImageView+.swift in Sources */,
				B95BAB2229507E26004D6306 /* UINavigationController+.swift in Sources */,
				B9CED5CB29553C9700FDD60C /* ZzimViewModel.swift in Sources */,
				B9243342296F91C1006B7DE8 /* MarketViewModel.swift in Sources */,
				B96CFB8C298E424500AD16F4 /* CompositionalLayout.swift in Sources */,
				B972EBEF29AA29C700061E0E /* TotalTabView.swift in Sources */,
				B921BD5B299B96E1005BED18 /* DetailViewModel.swift in Sources */,
				B95218EE293CA14300018DAF /* TabViewController.swift in Sources */,
				B932A30F2973EA82007D22C1 /* SyagController.swift in Sources */,
				B985AD5A29BA06420088BE41 /* MainFunc.swift in Sources */,
				B972EBF429AA2C8200061E0E /* ProductReview.swift in Sources */,
				B946E1482967B44A00BF71F3 /* BestController.swift in Sources */,
				B968E6542988DA7300209AF3 /* MarketModel.swift in Sources */,
				B946E13A2967A4BE00BF71F3 /* BrandController.swift in Sources */,
				B9670C3929514EDC00616BC5 /* MyPageCell.swift in Sources */,
				B96F3ED429A091520001F138 /* ProductInfoCell.swift in Sources */,
				B946E13D2967A99500BF71F3 /* BeautyController.swift in Sources */,
				B944C16B29BEF515008AC420 /* TopButtonCell.swift in Sources */,
				B914D9E7296E4C920035B5EF /* LaboratoryController.swift in Sources */,
				B93E790F293DF6A00061201F /* TodayViewController.swift in Sources */,
				B966B2D429B072240020054C /* BannerCell.swift in Sources */,
				B930F459296BEA6A005493C8 /* BenefitController.swift in Sources */,
				B972EBED29A9F19D00061E0E /* ProductDetailInfoCell.swift in Sources */,
				B96A1D6029B6DE010033A760 /* HomeViewModel.swift in Sources */,
				B963F7FD299FE6820048D4C4 /* UIStackView+.swift in Sources */,
				B93FEA68299B346500668F60 /* DetailController.swift in Sources */,
				B931D1522952B422002B3F1D /* TableHeader.swift in Sources */,
				B914D9DF296E4C0A0035B5EF /* CenterController.swift in Sources */,
				B972EBE929A9E9C000061E0E /* UIColor+.swift in Sources */,
				B946E1432967ADAF00BF71F3 /* ButtonBarPagerTab+.swift in Sources */,
				B95218F1293CA4C100018DAF /* MarketViewController.swift in Sources */,
				B9FECC3A2953EC3E001AF759 /* MyPageModel.swift in Sources */,
				B914D9E5296E4C7E0035B5EF /* ServiceController.swift in Sources */,
				B972C2BB298FB1FB006F03B8 /* SyagModel.swift in Sources */,
				B923195E293A08F300236B6D /* SceneDelegate.swift in Sources */,
				B93A5F33295BD0B3005BFB5C /* ZzimRoundCell.swift in Sources */,
				B95218E8293C8FD500018DAF /* HomeViewController.swift in Sources */,
				B9BE11C02962CA0500C6BFD4 /* ZzimBoxCell.swift in Sources */,
				B930F457296BD718005493C8 /* CellEnum.swift in Sources */,
				B96E2BC129BDB4B300A5E393 /* MainCustomNavigationBar.swift in Sources */,
				B93A5F30295BCD8A005BFB5C /* ZzimHeaderView.swift in Sources */,
				B957AF79298B95F4005A2987 /* MarketTableDelegate.swift in Sources */,
				B972EBE729A9DD0900061E0E /* BasePaddingLabel.swift in Sources */,
				B9720993297BD3AF0050B169 /* TodayModel.swift in Sources */,
				B9437C382980B0570039761C /* LaboratoryViewModel.swift in Sources */,
				B95F09BA298CC284006F3B11 /* CollectionController.swift in Sources */,
				B9FECC2F2953E3AF001AF759 /* MyPageViewModel.swift in Sources */,
				B930F45C296BF4F1005493C8 /* MyPageTableDelegate.swift in Sources */,
			);
			runOnlyForDeploymentPostprocessing = 0;
		};
/* End PBXSourcesBuildPhase section */

/* Begin PBXVariantGroup section */
		B9231966293A08F400236B6D /* LaunchScreen.storyboard */ = {
			isa = PBXVariantGroup;
			children = (
				B9231967293A08F400236B6D /* Base */,
			);
			name = LaunchScreen.storyboard;
			sourceTree = "<group>";
		};
/* End PBXVariantGroup section */

/* Begin XCBuildConfiguration section */
		B923196A293A08F400236B6D /* Debug */ = {
			isa = XCBuildConfiguration;
			buildSettings = {
				ALWAYS_SEARCH_USER_PATHS = NO;
				CLANG_ANALYZER_NONNULL = YES;
				CLANG_ANALYZER_NUMBER_OBJECT_CONVERSION = YES_AGGRESSIVE;
				CLANG_CXX_LANGUAGE_STANDARD = "gnu++20";
				CLANG_ENABLE_MODULES = YES;
				CLANG_ENABLE_OBJC_ARC = YES;
				CLANG_ENABLE_OBJC_WEAK = YES;
				CLANG_WARN_BLOCK_CAPTURE_AUTORELEASING = YES;
				CLANG_WARN_BOOL_CONVERSION = YES;
				CLANG_WARN_COMMA = YES;
				CLANG_WARN_CONSTANT_CONVERSION = YES;
				CLANG_WARN_DEPRECATED_OBJC_IMPLEMENTATIONS = YES;
				CLANG_WARN_DIRECT_OBJC_ISA_USAGE = YES_ERROR;
				CLANG_WARN_DOCUMENTATION_COMMENTS = YES;
				CLANG_WARN_EMPTY_BODY = YES;
				CLANG_WARN_ENUM_CONVERSION = YES;
				CLANG_WARN_INFINITE_RECURSION = YES;
				CLANG_WARN_INT_CONVERSION = YES;
				CLANG_WARN_NON_LITERAL_NULL_CONVERSION = YES;
				CLANG_WARN_OBJC_IMPLICIT_RETAIN_SELF = YES;
				CLANG_WARN_OBJC_LITERAL_CONVERSION = YES;
				CLANG_WARN_OBJC_ROOT_CLASS = YES_ERROR;
				CLANG_WARN_QUOTED_INCLUDE_IN_FRAMEWORK_HEADER = YES;
				CLANG_WARN_RANGE_LOOP_ANALYSIS = YES;
				CLANG_WARN_STRICT_PROTOTYPES = YES;
				CLANG_WARN_SUSPICIOUS_MOVE = YES;
				CLANG_WARN_UNGUARDED_AVAILABILITY = YES_AGGRESSIVE;
				CLANG_WARN_UNREACHABLE_CODE = YES;
				CLANG_WARN__DUPLICATE_METHOD_MATCH = YES;
				COPY_PHASE_STRIP = NO;
				DEBUG_INFORMATION_FORMAT = dwarf;
				ENABLE_STRICT_OBJC_MSGSEND = YES;
				ENABLE_TESTABILITY = YES;
				GCC_C_LANGUAGE_STANDARD = gnu11;
				GCC_DYNAMIC_NO_PIC = NO;
				GCC_NO_COMMON_BLOCKS = YES;
				GCC_OPTIMIZATION_LEVEL = 0;
				GCC_PREPROCESSOR_DEFINITIONS = (
					"DEBUG=1",
					"$(inherited)",
				);
				GCC_WARN_64_TO_32_BIT_CONVERSION = YES;
				GCC_WARN_ABOUT_RETURN_TYPE = YES_ERROR;
				GCC_WARN_UNDECLARED_SELECTOR = YES;
				GCC_WARN_UNINITIALIZED_AUTOS = YES_AGGRESSIVE;
				GCC_WARN_UNUSED_FUNCTION = YES;
				GCC_WARN_UNUSED_VARIABLE = YES;
				IPHONEOS_DEPLOYMENT_TARGET = 16.0;
				MTL_ENABLE_DEBUG_INFO = INCLUDE_SOURCE;
				MTL_FAST_MATH = YES;
				ONLY_ACTIVE_ARCH = YES;
				SDKROOT = iphoneos;
				SWIFT_ACTIVE_COMPILATION_CONDITIONS = DEBUG;
				SWIFT_OPTIMIZATION_LEVEL = "-Onone";
			};
			name = Debug;
		};
		B923196B293A08F400236B6D /* Release */ = {
			isa = XCBuildConfiguration;
			buildSettings = {
				ALWAYS_SEARCH_USER_PATHS = NO;
				CLANG_ANALYZER_NONNULL = YES;
				CLANG_ANALYZER_NUMBER_OBJECT_CONVERSION = YES_AGGRESSIVE;
				CLANG_CXX_LANGUAGE_STANDARD = "gnu++20";
				CLANG_ENABLE_MODULES = YES;
				CLANG_ENABLE_OBJC_ARC = YES;
				CLANG_ENABLE_OBJC_WEAK = YES;
				CLANG_WARN_BLOCK_CAPTURE_AUTORELEASING = YES;
				CLANG_WARN_BOOL_CONVERSION = YES;
				CLANG_WARN_COMMA = YES;
				CLANG_WARN_CONSTANT_CONVERSION = YES;
				CLANG_WARN_DEPRECATED_OBJC_IMPLEMENTATIONS = YES;
				CLANG_WARN_DIRECT_OBJC_ISA_USAGE = YES_ERROR;
				CLANG_WARN_DOCUMENTATION_COMMENTS = YES;
				CLANG_WARN_EMPTY_BODY = YES;
				CLANG_WARN_ENUM_CONVERSION = YES;
				CLANG_WARN_INFINITE_RECURSION = YES;
				CLANG_WARN_INT_CONVERSION = YES;
				CLANG_WARN_NON_LITERAL_NULL_CONVERSION = YES;
				CLANG_WARN_OBJC_IMPLICIT_RETAIN_SELF = YES;
				CLANG_WARN_OBJC_LITERAL_CONVERSION = YES;
				CLANG_WARN_OBJC_ROOT_CLASS = YES_ERROR;
				CLANG_WARN_QUOTED_INCLUDE_IN_FRAMEWORK_HEADER = YES;
				CLANG_WARN_RANGE_LOOP_ANALYSIS = YES;
				CLANG_WARN_STRICT_PROTOTYPES = YES;
				CLANG_WARN_SUSPICIOUS_MOVE = YES;
				CLANG_WARN_UNGUARDED_AVAILABILITY = YES_AGGRESSIVE;
				CLANG_WARN_UNREACHABLE_CODE = YES;
				CLANG_WARN__DUPLICATE_METHOD_MATCH = YES;
				COPY_PHASE_STRIP = NO;
				DEBUG_INFORMATION_FORMAT = "dwarf-with-dsym";
				ENABLE_NS_ASSERTIONS = NO;
				ENABLE_STRICT_OBJC_MSGSEND = YES;
				GCC_C_LANGUAGE_STANDARD = gnu11;
				GCC_NO_COMMON_BLOCKS = YES;
				GCC_WARN_64_TO_32_BIT_CONVERSION = YES;
				GCC_WARN_ABOUT_RETURN_TYPE = YES_ERROR;
				GCC_WARN_UNDECLARED_SELECTOR = YES;
				GCC_WARN_UNINITIALIZED_AUTOS = YES_AGGRESSIVE;
				GCC_WARN_UNUSED_FUNCTION = YES;
				GCC_WARN_UNUSED_VARIABLE = YES;
				IPHONEOS_DEPLOYMENT_TARGET = 16.0;
				MTL_ENABLE_DEBUG_INFO = NO;
				MTL_FAST_MATH = YES;
				SDKROOT = iphoneos;
				SWIFT_COMPILATION_MODE = wholemodule;
				SWIFT_OPTIMIZATION_LEVEL = "-O";
				VALIDATE_PRODUCT = YES;
			};
			name = Release;
		};
		B923196D293A08F400236B6D /* Debug */ = {
			isa = XCBuildConfiguration;
			baseConfigurationReference = ED6E82736FC3C54762B1FC9B /* Pods-Ably.debug.xcconfig */;
			buildSettings = {
				ASSETCATALOG_COMPILER_APPICON_NAME = AppIcon;
				ASSETCATALOG_COMPILER_GLOBAL_ACCENT_COLOR_NAME = AccentColor;
				CODE_SIGN_STYLE = Automatic;
				CURRENT_PROJECT_VERSION = 1;
				DEVELOPMENT_TEAM = NMLQKC3L6A;
				GENERATE_INFOPLIST_FILE = YES;
				INFOPLIST_FILE = Ably/App/Info.plist;
				INFOPLIST_KEY_UIApplicationSupportsIndirectInputEvents = YES;
				INFOPLIST_KEY_UILaunchStoryboardName = LaunchScreen;
				INFOPLIST_KEY_UISupportedInterfaceOrientations_iPad = "UIInterfaceOrientationPortrait UIInterfaceOrientationPortraitUpsideDown UIInterfaceOrientationLandscapeLeft UIInterfaceOrientationLandscapeRight";
				INFOPLIST_KEY_UISupportedInterfaceOrientations_iPhone = "UIInterfaceOrientationPortrait UIInterfaceOrientationLandscapeLeft UIInterfaceOrientationLandscapeRight";
				LD_RUNPATH_SEARCH_PATHS = (
					"$(inherited)",
					"@executable_path/Frameworks",
				);
				MARKETING_VERSION = 1.0;
				PRODUCT_BUNDLE_IDENTIFIER = com.hylee.Ably;
				PRODUCT_NAME = "$(TARGET_NAME)";
				SWIFT_EMIT_LOC_STRINGS = YES;
				SWIFT_VERSION = 5.0;
				TARGETED_DEVICE_FAMILY = "1,2";
			};
			name = Debug;
		};
		B923196E293A08F400236B6D /* Release */ = {
			isa = XCBuildConfiguration;
			baseConfigurationReference = B37E54EFC8077CDE4EC46483 /* Pods-Ably.release.xcconfig */;
			buildSettings = {
				ASSETCATALOG_COMPILER_APPICON_NAME = AppIcon;
				ASSETCATALOG_COMPILER_GLOBAL_ACCENT_COLOR_NAME = AccentColor;
				CODE_SIGN_STYLE = Automatic;
				CURRENT_PROJECT_VERSION = 1;
				DEVELOPMENT_TEAM = NMLQKC3L6A;
				GENERATE_INFOPLIST_FILE = YES;
				INFOPLIST_FILE = Ably/App/Info.plist;
				INFOPLIST_KEY_UIApplicationSupportsIndirectInputEvents = YES;
				INFOPLIST_KEY_UILaunchStoryboardName = LaunchScreen;
				INFOPLIST_KEY_UISupportedInterfaceOrientations_iPad = "UIInterfaceOrientationPortrait UIInterfaceOrientationPortraitUpsideDown UIInterfaceOrientationLandscapeLeft UIInterfaceOrientationLandscapeRight";
				INFOPLIST_KEY_UISupportedInterfaceOrientations_iPhone = "UIInterfaceOrientationPortrait UIInterfaceOrientationLandscapeLeft UIInterfaceOrientationLandscapeRight";
				LD_RUNPATH_SEARCH_PATHS = (
					"$(inherited)",
					"@executable_path/Frameworks",
				);
				MARKETING_VERSION = 1.0;
				PRODUCT_BUNDLE_IDENTIFIER = com.hylee.Ably;
				PRODUCT_NAME = "$(TARGET_NAME)";
				SWIFT_EMIT_LOC_STRINGS = YES;
				SWIFT_VERSION = 5.0;
				TARGETED_DEVICE_FAMILY = "1,2";
			};
			name = Release;
		};
/* End XCBuildConfiguration section */

/* Begin XCConfigurationList section */
		B9231953293A08F300236B6D /* Build configuration list for PBXProject "Ably" */ = {
			isa = XCConfigurationList;
			buildConfigurations = (
				B923196A293A08F400236B6D /* Debug */,
				B923196B293A08F400236B6D /* Release */,
			);
			defaultConfigurationIsVisible = 0;
			defaultConfigurationName = Release;
		};
		B923196C293A08F400236B6D /* Build configuration list for PBXNativeTarget "Ably" */ = {
			isa = XCConfigurationList;
			buildConfigurations = (
				B923196D293A08F400236B6D /* Debug */,
				B923196E293A08F400236B6D /* Release */,
			);
			defaultConfigurationIsVisible = 0;
			defaultConfigurationName = Release;
		};
/* End XCConfigurationList section */

/* Begin XCRemoteSwiftPackageReference section */
		B92ACAA02963B21D00C82616 /* XCRemoteSwiftPackageReference "Then" */ = {
			isa = XCRemoteSwiftPackageReference;
			repositoryURL = "https://github.com/devxoul/Then";
			requirement = {
				kind = upToNextMajorVersion;
				minimumVersion = 3.0.0;
			};
		};
		B930F44F296BD597005493C8 /* XCRemoteSwiftPackageReference "ReusableKit" */ = {
			isa = XCRemoteSwiftPackageReference;
			repositoryURL = "https://github.com/devxoul/ReusableKit";
			requirement = {
				kind = upToNextMajorVersion;
				minimumVersion = 3.0.0;
			};
		};
		B93B88392959998200067F24 /* XCRemoteSwiftPackageReference "RxDataSources" */ = {
			isa = XCRemoteSwiftPackageReference;
			repositoryURL = "https://github.com/RxSwiftCommunity/RxDataSources";
			requirement = {
				branch = main;
				kind = branch;
			};
		};
		B946933329977C49000E2A9D /* XCRemoteSwiftPackageReference "SDWebImage" */ = {
			isa = XCRemoteSwiftPackageReference;
			repositoryURL = "https://github.com/SDWebImage/SDWebImage";
			requirement = {
				kind = upToNextMajorVersion;
				minimumVersion = 5.0.0;
			};
		};
		B95218EA293C941600018DAF /* XCRemoteSwiftPackageReference "SnapKit" */ = {
			isa = XCRemoteSwiftPackageReference;
			repositoryURL = "https://github.com/SnapKit/SnapKit";
			requirement = {
				kind = upToNextMajorVersion;
				minimumVersion = 5.0.0;
			};
		};
		B95E83FA29BCBAF200CCC3D7 /* XCRemoteSwiftPackageReference "firebase-ios-sdk" */ = {
			isa = XCRemoteSwiftPackageReference;
			repositoryURL = "https://github.com/firebase/firebase-ios-sdk";
			requirement = {
				kind = upToNextMajorVersion;
				minimumVersion = 9.0.0;
			};
		};
		B9FECC322953E607001AF759 /* XCRemoteSwiftPackageReference "RxSwift" */ = {
			isa = XCRemoteSwiftPackageReference;
			repositoryURL = "https://github.com/ReactiveX/RxSwift";
			requirement = {
				branch = main;
				kind = branch;
			};
		};
/* End XCRemoteSwiftPackageReference section */

/* Begin XCSwiftPackageProductDependency section */
		B92ACAA12963B21D00C82616 /* Then */ = {
			isa = XCSwiftPackageProductDependency;
			package = B92ACAA02963B21D00C82616 /* XCRemoteSwiftPackageReference "Then" */;
			productName = Then;
		};
		B930F450296BD597005493C8 /* ReusableKit */ = {
			isa = XCSwiftPackageProductDependency;
			package = B930F44F296BD597005493C8 /* XCRemoteSwiftPackageReference "ReusableKit" */;
			productName = ReusableKit;
		};
		B930F452296BD597005493C8 /* RxReusableKit */ = {
			isa = XCSwiftPackageProductDependency;
			package = B930F44F296BD597005493C8 /* XCRemoteSwiftPackageReference "ReusableKit" */;
			productName = RxReusableKit;
		};
		B93B883A2959998200067F24 /* RxDataSources */ = {
			isa = XCSwiftPackageProductDependency;
			package = B93B88392959998200067F24 /* XCRemoteSwiftPackageReference "RxDataSources" */;
			productName = RxDataSources;
		};
		B946933429977C49000E2A9D /* SDWebImage */ = {
			isa = XCSwiftPackageProductDependency;
			package = B946933329977C49000E2A9D /* XCRemoteSwiftPackageReference "SDWebImage" */;
			productName = SDWebImage;
		};
		B95218EB293C941600018DAF /* SnapKit */ = {
			isa = XCSwiftPackageProductDependency;
			package = B95218EA293C941600018DAF /* XCRemoteSwiftPackageReference "SnapKit" */;
			productName = SnapKit;
		};
		B95E83FB29BCBAF200CCC3D7 /* FirebaseAuth */ = {
			isa = XCSwiftPackageProductDependency;
			package = B95E83FA29BCBAF200CCC3D7 /* XCRemoteSwiftPackageReference "firebase-ios-sdk" */;
			productName = FirebaseAuth;
		};
		B95E83FD29BCBAF200CCC3D7 /* FirebaseDatabase */ = {
			isa = XCSwiftPackageProductDependency;
			package = B95E83FA29BCBAF200CCC3D7 /* XCRemoteSwiftPackageReference "firebase-ios-sdk" */;
			productName = FirebaseDatabase;
		};
		B95E83FF29BCBAF200CCC3D7 /* FirebaseStorage */ = {
			isa = XCSwiftPackageProductDependency;
			package = B95E83FA29BCBAF200CCC3D7 /* XCRemoteSwiftPackageReference "firebase-ios-sdk" */;
			productName = FirebaseStorage;
		};
		B9FECC332953E607001AF759 /* RxCocoa */ = {
			isa = XCSwiftPackageProductDependency;
			package = B9FECC322953E607001AF759 /* XCRemoteSwiftPackageReference "RxSwift" */;
			productName = RxCocoa;
		};
		B9FECC352953E607001AF759 /* RxRelay */ = {
			isa = XCSwiftPackageProductDependency;
			package = B9FECC322953E607001AF759 /* XCRemoteSwiftPackageReference "RxSwift" */;
			productName = RxRelay;
		};
		B9FECC372953E607001AF759 /* RxSwift */ = {
			isa = XCSwiftPackageProductDependency;
			package = B9FECC322953E607001AF759 /* XCRemoteSwiftPackageReference "RxSwift" */;
			productName = RxSwift;
		};
/* End XCSwiftPackageProductDependency section */
	};
	rootObject = B9231950293A08F300236B6D /* Project object */;
}
